# THIS IS AN AUTOGENERATED FILE. DO NOT EDIT THIS FILE DIRECTLY.
# yarn lockfile v1


"@discordjs/builders@^1.2.0":
  version "1.2.0"
  resolved "https://registry.npmjs.org/@discordjs/builders/-/builders-1.2.0.tgz"
  dependencies:
    "@sapphire/shapeshift" "^3.5.1"
    discord-api-types "^0.37.3"
    fast-deep-equal "^3.1.3"
    ts-mixer "^6.0.1"
    tslib "^2.4.0"

"@discordjs/collection@^1.0.1", "@discordjs/collection@^1.1.0":
  version "1.1.0"
  resolved "https://registry.npmjs.org/@discordjs/collection/-/collection-1.1.0.tgz"

"@discordjs/node-pre-gyp@^0.4.2":
  version "0.4.2"
  resolved "https://registry.npmjs.org/@discordjs/node-pre-gyp/-/node-pre-gyp-0.4.2.tgz"
  dependencies:
    detect-libc "^1.0.3"
    https-proxy-agent "^5.0.0"
    make-dir "^3.1.0"
    node-fetch "^2.6.5"
    nopt "^5.0.0"
    npmlog "^5.0.1"
    rimraf "^3.0.2"
    semver "^7.3.5"
    tar "^6.1.11"

"@discordjs/opus@github:discordjs/opus":
  version "0.7.0"
  resolved "git+ssh://git@github.com/discordjs/opus.git#fbd68eeca7637559bf3141b0ae76d48873b8d18a"
  dependencies:
    "@discordjs/node-pre-gyp" "^0.4.2"
    node-addon-api "^4.2.0"

"@discordjs/rest@^1.1.0":
  version "1.1.0"
  resolved "https://registry.npmjs.org/@discordjs/rest/-/rest-1.1.0.tgz"
  dependencies:
    "@discordjs/collection" "^1.0.1"
    "@sapphire/async-queue" "^1.5.0"
    "@sapphire/snowflake" "^3.2.2"
    discord-api-types "^0.37.3"
    file-type "^17.1.6"
    tslib "^2.4.0"
    undici "^5.9.1"

"@discordjs/voice@^0.9.0":
  version "0.9.0"
  resolved "https://registry.npmjs.org/@discordjs/voice/-/voice-0.9.0.tgz"
  dependencies:
    "@types/ws" "^8.5.3"
    discord-api-types "^0.29.0"
    prism-media "^1.3.2"
    tiny-typed-emitter "^2.1.0"
    tslib "^2.3.1"
    ws "^8.5.0"

"@sapphire/async-queue@^1.5.0":
  version "1.5.0"
  resolved "https://registry.npmjs.org/@sapphire/async-queue/-/async-queue-1.5.0.tgz"

"@sapphire/shapeshift@^3.5.1":
  version "3.6.0"
  resolved "https://registry.npmjs.org/@sapphire/shapeshift/-/shapeshift-3.6.0.tgz"
  dependencies:
    fast-deep-equal "^3.1.3"
    lodash.uniqwith "^4.5.0"

"@sapphire/snowflake@^3.2.2":
  version "3.2.2"
  resolved "https://registry.npmjs.org/@sapphire/snowflake/-/snowflake-3.2.2.tgz"

"@sindresorhus/is@^0.14.0":
  version "0.14.0"
  resolved "https://registry.npmjs.org/@sindresorhus/is/-/is-0.14.0.tgz"

"@szmarczak/http-timer@^1.1.2":
  version "1.1.2"
  resolved "https://registry.npmjs.org/@szmarczak/http-timer/-/http-timer-1.1.2.tgz"
  dependencies:
    defer-to-connect "^1.0.1"

"@tokenizer/token@^0.3.0":
  version "0.3.0"
  resolved "https://registry.npmjs.org/@tokenizer/token/-/token-0.3.0.tgz"

"@types/node@*":
  version "13.5.0"
  resolved "https://registry.npmjs.org/@types/node/-/node-13.5.0.tgz"

"@types/ws@^8.5.3":
  version "8.5.3"
  resolved "https://registry.npmjs.org/@types/ws/-/ws-8.5.3.tgz"
  dependencies:
    "@types/node" "*"

abbrev@1:
  version "1.1.1"
  resolved "https://registry.npmjs.org/abbrev/-/abbrev-1.1.1.tgz"

agent-base@6:
  version "6.0.2"
  resolved "https://registry.npmjs.org/agent-base/-/agent-base-6.0.2.tgz"
  dependencies:
    debug "4"

ajv@^6.12.3:
  version "6.12.4"
  resolved "https://registry.npmjs.org/ajv/-/ajv-6.12.4.tgz"
  dependencies:
    fast-deep-equal "^3.1.1"
    fast-json-stable-stringify "^2.0.0"
    json-schema-traverse "^0.4.1"
    uri-js "^4.2.2"

ansi-align@^3.0.0:
  version "3.0.1"
  resolved "https://registry.npmjs.org/ansi-align/-/ansi-align-3.0.1.tgz"
  dependencies:
    string-width "^4.1.0"

ansi-regex@^5.0.1:
  version "5.0.1"
  resolved "https://registry.npmjs.org/ansi-regex/-/ansi-regex-5.0.1.tgz"

ansi-styles@^4.0.0, ansi-styles@^4.1.0:
  version "4.3.0"
  resolved "https://registry.npmjs.org/ansi-styles/-/ansi-styles-4.3.0.tgz"
  dependencies:
    color-convert "^2.0.1"

anymatch@~3.1.2:
  version "3.1.2"
  resolved "https://registry.npmjs.org/anymatch/-/anymatch-3.1.2.tgz"
  dependencies:
    normalize-path "^3.0.0"
    picomatch "^2.0.4"

"aproba@^1.0.3 || ^2.0.0":
  version "2.0.0"
  resolved "https://registry.npmjs.org/aproba/-/aproba-2.0.0.tgz"

are-we-there-yet@^2.0.0:
  version "2.0.0"
  resolved "https://registry.npmjs.org/are-we-there-yet/-/are-we-there-yet-2.0.0.tgz"
  dependencies:
    delegates "^1.0.0"
    readable-stream "^3.6.0"

asn1@~0.2.3:
  version "0.2.4"
  resolved "https://registry.npmjs.org/asn1/-/asn1-0.2.4.tgz"
  dependencies:
    safer-buffer "~2.1.0"

assert-plus@1.0.0, assert-plus@^1.0.0:
  version "1.0.0"
  resolved "https://registry.npmjs.org/assert-plus/-/assert-plus-1.0.0.tgz"

asynckit@^0.4.0:
  version "0.4.0"
  resolved "https://registry.npmjs.org/asynckit/-/asynckit-0.4.0.tgz"

aws-sign2@~0.7.0:
  version "0.7.0"
  resolved "https://registry.npmjs.org/aws-sign2/-/aws-sign2-0.7.0.tgz"

aws4@^1.8.0:
  version "1.10.1"
  resolved "https://registry.npmjs.org/aws4/-/aws4-1.10.1.tgz"

balanced-match@^1.0.0:
  version "1.0.0"
  resolved "https://registry.npmjs.org/balanced-match/-/balanced-match-1.0.0.tgz"

bcrypt-pbkdf@^1.0.0:
  version "1.0.2"
  resolved "https://registry.npmjs.org/bcrypt-pbkdf/-/bcrypt-pbkdf-1.0.2.tgz"
  dependencies:
    tweetnacl "^0.14.3"

binary-extensions@^2.0.0:
  version "2.2.0"
  resolved "https://registry.npmjs.org/binary-extensions/-/binary-extensions-2.2.0.tgz"

bindings@1:
  version "1.5.0"
  resolved "https://registry.yarnpkg.com/bindings/-/bindings-1.5.0.tgz#10353c9e945334bc0511a6d90b38fbc7c9c504df"
  dependencies:
    file-uri-to-path "1.0.0"

bindings@~1.2.1:
  version "1.2.1"
  resolved "https://registry.npmjs.org/bindings/-/bindings-1.2.1.tgz"

bluebird@^3.5.0:
  version "3.7.2"
  resolved "https://registry.npmjs.org/bluebird/-/bluebird-3.7.2.tgz"

boolbase@^1.0.0:
  version "1.0.0"
  resolved "https://registry.npmjs.org/boolbase/-/boolbase-1.0.0.tgz"

boxen@^5.0.0:
  version "5.1.2"
  resolved "https://registry.npmjs.org/boxen/-/boxen-5.1.2.tgz"
  dependencies:
    ansi-align "^3.0.0"
    camelcase "^6.2.0"
    chalk "^4.1.0"
    cli-boxes "^2.2.1"
    string-width "^4.2.2"
    type-fest "^0.20.2"
    widest-line "^3.1.0"
    wrap-ansi "^7.0.0"

brace-expansion@^1.1.7:
  version "1.1.11"
  resolved "https://registry.npmjs.org/brace-expansion/-/brace-expansion-1.1.11.tgz"
  dependencies:
    balanced-match "^1.0.0"
    concat-map "0.0.1"

braces@~3.0.2:
  version "3.0.2"
  resolved "https://registry.npmjs.org/braces/-/braces-3.0.2.tgz"
  dependencies:
    fill-range "^7.0.1"

cacheable-request@^6.0.0:
  version "6.1.0"
  resolved "https://registry.npmjs.org/cacheable-request/-/cacheable-request-6.1.0.tgz"
  dependencies:
    clone-response "^1.0.2"
    get-stream "^5.1.0"
    http-cache-semantics "^4.0.0"
    keyv "^3.0.0"
    lowercase-keys "^2.0.0"
    normalize-url "^4.1.0"
    responselike "^1.0.2"

camelcase@^6.2.0:
  version "6.3.0"
  resolved "https://registry.npmjs.org/camelcase/-/camelcase-6.3.0.tgz"

caseless@~0.12.0:
  version "0.12.0"
  resolved "https://registry.npmjs.org/caseless/-/caseless-0.12.0.tgz"

chalk@^4.1.0:
  version "4.1.2"
  resolved "https://registry.npmjs.org/chalk/-/chalk-4.1.2.tgz"
  dependencies:
    ansi-styles "^4.1.0"
    supports-color "^7.1.0"

cheerio-select@^1.5.0:
  version "1.6.0"
  resolved "https://registry.npmjs.org/cheerio-select/-/cheerio-select-1.6.0.tgz"
  dependencies:
    css-select "^4.3.0"
    css-what "^6.0.1"
    domelementtype "^2.2.0"
    domhandler "^4.3.1"
    domutils "^2.8.0"

cheerio@^1.0.0-rc.10:
  version "1.0.0-rc.10"
  resolved "https://registry.npmjs.org/cheerio/-/cheerio-1.0.0-rc.10.tgz"
  dependencies:
    cheerio-select "^1.5.0"
    dom-serializer "^1.3.2"
    domhandler "^4.2.0"
    htmlparser2 "^6.1.0"
    parse5 "^6.0.1"
    parse5-htmlparser2-tree-adapter "^6.0.1"
    tslib "^2.2.0"

chokidar@^3.5.2:
  version "3.5.3"
  resolved "https://registry.npmjs.org/chokidar/-/chokidar-3.5.3.tgz"
  dependencies:
    anymatch "~3.1.2"
    braces "~3.0.2"
    glob-parent "~5.1.2"
    is-binary-path "~2.1.0"
    is-glob "~4.0.1"
    normalize-path "~3.0.0"
    readdirp "~3.6.0"
  optionalDependencies:
    fsevents "~2.3.2"

chownr@^2.0.0:
  version "2.0.0"
  resolved "https://registry.npmjs.org/chownr/-/chownr-2.0.0.tgz"

ci-info@^2.0.0:
  version "2.0.0"
  resolved "https://registry.npmjs.org/ci-info/-/ci-info-2.0.0.tgz"

cli-boxes@^2.2.1:
  version "2.2.1"
  resolved "https://registry.npmjs.org/cli-boxes/-/cli-boxes-2.2.1.tgz"

clone-response@^1.0.2:
  version "1.0.2"
  resolved "https://registry.npmjs.org/clone-response/-/clone-response-1.0.2.tgz"
  dependencies:
    mimic-response "^1.0.0"

color-convert@^2.0.1:
  version "2.0.1"
  resolved "https://registry.npmjs.org/color-convert/-/color-convert-2.0.1.tgz"
  dependencies:
    color-name "~1.1.4"

color-name@~1.1.4:
  version "1.1.4"
  resolved "https://registry.npmjs.org/color-name/-/color-name-1.1.4.tgz"

color-support@^1.1.2:
  version "1.1.3"
  resolved "https://registry.npmjs.org/color-support/-/color-support-1.1.3.tgz"

combined-stream@^1.0.6, combined-stream@~1.0.6:
  version "1.0.8"
  resolved "https://registry.npmjs.org/combined-stream/-/combined-stream-1.0.8.tgz"
  dependencies:
    delayed-stream "~1.0.0"

commander@^2.9.0:
  version "2.20.3"
  resolved "https://registry.npmjs.org/commander/-/commander-2.20.3.tgz"

concat-map@0.0.1:
  version "0.0.1"
  resolved "https://registry.npmjs.org/concat-map/-/concat-map-0.0.1.tgz"

configstore@^5.0.1:
  version "5.0.1"
  resolved "https://registry.npmjs.org/configstore/-/configstore-5.0.1.tgz"
  dependencies:
    dot-prop "^5.2.0"
    graceful-fs "^4.1.2"
    make-dir "^3.0.0"
    unique-string "^2.0.0"
    write-file-atomic "^3.0.0"
    xdg-basedir "^4.0.0"

console-control-strings@^1.0.0, console-control-strings@^1.1.0:
  version "1.1.0"
  resolved "https://registry.npmjs.org/console-control-strings/-/console-control-strings-1.1.0.tgz"

core-util-is@1.0.2, core-util-is@~1.0.0:
  version "1.0.2"
  resolved "https://registry.npmjs.org/core-util-is/-/core-util-is-1.0.2.tgz"

crypto-random-string@^2.0.0:
  version "2.0.0"
  resolved "https://registry.npmjs.org/crypto-random-string/-/crypto-random-string-2.0.0.tgz"

css-select@^4.3.0:
  version "4.3.0"
  resolved "https://registry.npmjs.org/css-select/-/css-select-4.3.0.tgz"
  dependencies:
    boolbase "^1.0.0"
    css-what "^6.0.1"
    domhandler "^4.3.1"
    domutils "^2.8.0"
    nth-check "^2.0.1"

css-what@^6.0.1:
  version "6.1.0"
  resolved "https://registry.npmjs.org/css-what/-/css-what-6.1.0.tgz"

dashdash@^1.12.0:
  version "1.14.1"
  resolved "https://registry.npmjs.org/dashdash/-/dashdash-1.14.1.tgz"
  dependencies:
    assert-plus "^1.0.0"

debug@2:
  version "2.6.9"
  resolved "https://registry.yarnpkg.com/debug/-/debug-2.6.9.tgz#5d128515df134ff327e90a4c93f4e077a536341f"
  dependencies:
    ms "2.0.0"

debug@4:
  version "4.3.4"
  resolved "https://registry.npmjs.org/debug/-/debug-4.3.4.tgz"
  dependencies:
    ms "2.1.2"

debug@^3.2.7:
  version "3.2.7"
  resolved "https://registry.npmjs.org/debug/-/debug-3.2.7.tgz"
  dependencies:
    ms "^2.1.1"

decompress-response@^3.3.0:
  version "3.3.0"
  resolved "https://registry.npmjs.org/decompress-response/-/decompress-response-3.3.0.tgz"
  dependencies:
    mimic-response "^1.0.0"

deep-extend@^0.6.0:
  version "0.6.0"
  resolved "https://registry.npmjs.org/deep-extend/-/deep-extend-0.6.0.tgz"

defer-to-connect@^1.0.1:
  version "1.1.3"
  resolved "https://registry.npmjs.org/defer-to-connect/-/defer-to-connect-1.1.3.tgz"

delayed-stream@~1.0.0:
  version "1.0.0"
  resolved "https://registry.npmjs.org/delayed-stream/-/delayed-stream-1.0.0.tgz"

delegates@^1.0.0:
  version "1.0.0"
  resolved "https://registry.npmjs.org/delegates/-/delegates-1.0.0.tgz"

detect-libc@^1.0.3:
  version "1.0.3"
  resolved "https://registry.npmjs.org/detect-libc/-/detect-libc-1.0.3.tgz"

discord-api-types@^0.29.0:
  version "0.29.0"
  resolved "https://registry.npmjs.org/discord-api-types/-/discord-api-types-0.29.0.tgz"

discord-api-types@^0.37.3:
  version "0.37.9"
  resolved "https://registry.npmjs.org/discord-api-types/-/discord-api-types-0.37.9.tgz"

discord.js@^14.3.0:
  version "14.3.0"
  resolved "https://registry.npmjs.org/discord.js/-/discord.js-14.3.0.tgz"
  dependencies:
    "@discordjs/builders" "^1.2.0"
    "@discordjs/collection" "^1.1.0"
    "@discordjs/rest" "^1.1.0"
    "@sapphire/snowflake" "^3.2.2"
    "@types/ws" "^8.5.3"
    discord-api-types "^0.37.3"
    fast-deep-equal "^3.1.3"
    lodash.snakecase "^4.1.1"
    tslib "^2.4.0"
    undici "^5.9.1"
    ws "^8.8.1"

dom-serializer@^1.0.1, dom-serializer@^1.3.2:
  version "1.4.1"
  resolved "https://registry.npmjs.org/dom-serializer/-/dom-serializer-1.4.1.tgz"
  dependencies:
    domelementtype "^2.0.1"
    domhandler "^4.2.0"
    entities "^2.0.0"

domelementtype@^2.0.1, domelementtype@^2.2.0:
  version "2.3.0"
  resolved "https://registry.npmjs.org/domelementtype/-/domelementtype-2.3.0.tgz"

domhandler@^4.0.0, domhandler@^4.2.0, domhandler@^4.3.1:
  version "4.3.1"
  resolved "https://registry.npmjs.org/domhandler/-/domhandler-4.3.1.tgz"
  dependencies:
    domelementtype "^2.2.0"

domutils@^2.5.2, domutils@^2.8.0:
  version "2.8.0"
  resolved "https://registry.npmjs.org/domutils/-/domutils-2.8.0.tgz"
  dependencies:
    dom-serializer "^1.0.1"
    domelementtype "^2.2.0"
    domhandler "^4.2.0"

dot-prop@^5.2.0:
  version "5.3.0"
  resolved "https://registry.npmjs.org/dot-prop/-/dot-prop-5.3.0.tgz"
  dependencies:
    is-obj "^2.0.0"

duplexer3@^0.1.4:
  version "0.1.4"
  resolved "https://registry.npmjs.org/duplexer3/-/duplexer3-0.1.4.tgz"

ecc-jsbn@~0.1.1:
  version "0.1.2"
  resolved "https://registry.npmjs.org/ecc-jsbn/-/ecc-jsbn-0.1.2.tgz"
  dependencies:
    jsbn "~0.1.0"
    safer-buffer "^2.1.0"

emoji-regex@^8.0.0:
  version "8.0.0"
  resolved "https://registry.npmjs.org/emoji-regex/-/emoji-regex-8.0.0.tgz"

end-of-stream@^1.1.0:
  version "1.4.4"
  resolved "https://registry.npmjs.org/end-of-stream/-/end-of-stream-1.4.4.tgz"
  dependencies:
    once "^1.4.0"

entities@^2.0.0:
  version "2.2.0"
  resolved "https://registry.npmjs.org/entities/-/entities-2.2.0.tgz"

escape-goat@^2.0.0:
  version "2.1.1"
  resolved "https://registry.npmjs.org/escape-goat/-/escape-goat-2.1.1.tgz"

extend@~3.0.2:
  version "3.0.2"
  resolved "https://registry.npmjs.org/extend/-/extend-3.0.2.tgz"

extsprintf@1.3.0, extsprintf@^1.2.0:
  version "1.3.0"
  resolved "https://registry.npmjs.org/extsprintf/-/extsprintf-1.3.0.tgz"

fast-deep-equal@^3.1.1, fast-deep-equal@^3.1.3:
  version "3.1.3"
  resolved "https://registry.npmjs.org/fast-deep-equal/-/fast-deep-equal-3.1.3.tgz"

fast-json-stable-stringify@^2.0.0:
  version "2.1.0"
  resolved "https://registry.npmjs.org/fast-json-stable-stringify/-/fast-json-stable-stringify-2.1.0.tgz"

file-type@^17.1.6:
  version "17.1.6"
  resolved "https://registry.npmjs.org/file-type/-/file-type-17.1.6.tgz"
  dependencies:
    readable-web-to-node-stream "^3.0.2"
    strtok3 "^7.0.0-alpha.9"
    token-types "^5.0.0-alpha.2"

file-uri-to-path@1.0.0:
  version "1.0.0"
  resolved "https://registry.yarnpkg.com/file-uri-to-path/-/file-uri-to-path-1.0.0.tgz#553a7b8446ff6f684359c445f1e37a05dacc33dd"

fill-range@^7.0.1:
  version "7.0.1"
  resolved "https://registry.npmjs.org/fill-range/-/fill-range-7.0.1.tgz"
  dependencies:
    to-regex-range "^5.0.1"

forever-agent@~0.6.1:
  version "0.6.1"
  resolved "https://registry.npmjs.org/forever-agent/-/forever-agent-0.6.1.tgz"

form-data@~2.3.2:
  version "2.3.3"
  resolved "https://registry.npmjs.org/form-data/-/form-data-2.3.3.tgz"
  dependencies:
    asynckit "^0.4.0"
    combined-stream "^1.0.6"
    mime-types "^2.1.12"

fs-minipass@^2.0.0:
  version "2.1.0"
  resolved "https://registry.npmjs.org/fs-minipass/-/fs-minipass-2.1.0.tgz"
  dependencies:
    minipass "^3.0.0"

fs.realpath@^1.0.0:
  version "1.0.0"
  resolved "https://registry.npmjs.org/fs.realpath/-/fs.realpath-1.0.0.tgz"

fsevents@~2.3.2:
  version "2.3.2"
  resolved "https://registry.yarnpkg.com/fsevents/-/fsevents-2.3.2.tgz#8a526f78b8fdf4623b709e0b975c52c24c02fd1a"

gauge@^3.0.0:
  version "3.0.2"
  resolved "https://registry.npmjs.org/gauge/-/gauge-3.0.2.tgz"
  dependencies:
    aproba "^1.0.3 || ^2.0.0"
    color-support "^1.1.2"
    console-control-strings "^1.0.0"
    has-unicode "^2.0.1"
    object-assign "^4.1.1"
    signal-exit "^3.0.0"
    string-width "^4.2.3"
    strip-ansi "^6.0.1"
    wide-align "^1.1.2"

get-stream@^4.1.0:
  version "4.1.0"
  resolved "https://registry.npmjs.org/get-stream/-/get-stream-4.1.0.tgz"
  dependencies:
    pump "^3.0.0"

get-stream@^5.1.0:
  version "5.2.0"
  resolved "https://registry.npmjs.org/get-stream/-/get-stream-5.2.0.tgz"
  dependencies:
    pump "^3.0.0"

getpass@^0.1.1:
  version "0.1.7"
  resolved "https://registry.npmjs.org/getpass/-/getpass-0.1.7.tgz"
  dependencies:
    assert-plus "^1.0.0"

glob-parent@~5.1.2:
  version "5.1.2"
  resolved "https://registry.npmjs.org/glob-parent/-/glob-parent-5.1.2.tgz"
  dependencies:
    is-glob "^4.0.1"

glob@^7.1.3:
  version "7.1.6"
  resolved "https://registry.npmjs.org/glob/-/glob-7.1.6.tgz"
  dependencies:
    fs.realpath "^1.0.0"
    inflight "^1.0.4"
    inherits "2"
    minimatch "^3.0.4"
    once "^1.3.0"
    path-is-absolute "^1.0.0"

global-dirs@^3.0.0:
  version "3.0.0"
  resolved "https://registry.npmjs.org/global-dirs/-/global-dirs-3.0.0.tgz"
  dependencies:
    ini "2.0.0"

got@^9.6.0:
  version "9.6.0"
  resolved "https://registry.npmjs.org/got/-/got-9.6.0.tgz"
  dependencies:
    "@sindresorhus/is" "^0.14.0"
    "@szmarczak/http-timer" "^1.1.2"
    cacheable-request "^6.0.0"
    decompress-response "^3.3.0"
    duplexer3 "^0.1.4"
    get-stream "^4.1.0"
    lowercase-keys "^1.0.1"
    mimic-response "^1.0.1"
    p-cancelable "^1.0.0"
    to-readable-stream "^1.0.0"
    url-parse-lax "^3.0.0"

graceful-fs@^4.1.2:
  version "4.2.10"
  resolved "https://registry.npmjs.org/graceful-fs/-/graceful-fs-4.2.10.tgz"

har-schema@^2.0.0:
  version "2.0.0"
  resolved "https://registry.npmjs.org/har-schema/-/har-schema-2.0.0.tgz"

har-validator@~5.1.3:
  version "5.1.5"
  resolved "https://registry.npmjs.org/har-validator/-/har-validator-5.1.5.tgz"
  dependencies:
    ajv "^6.12.3"
    har-schema "^2.0.0"

has-flag@^3.0.0:
  version "3.0.0"
  resolved "https://registry.npmjs.org/has-flag/-/has-flag-3.0.0.tgz"

has-flag@^4.0.0:
  version "4.0.0"
  resolved "https://registry.npmjs.org/has-flag/-/has-flag-4.0.0.tgz"

has-unicode@^2.0.1:
  version "2.0.1"
  resolved "https://registry.npmjs.org/has-unicode/-/has-unicode-2.0.1.tgz"

has-yarn@^2.1.0:
  version "2.1.0"
  resolved "https://registry.npmjs.org/has-yarn/-/has-yarn-2.1.0.tgz"

htmlparser2@^6.1.0:
  version "6.1.0"
  resolved "https://registry.npmjs.org/htmlparser2/-/htmlparser2-6.1.0.tgz"
  dependencies:
    domelementtype "^2.0.1"
    domhandler "^4.0.0"
    domutils "^2.5.2"
    entities "^2.0.0"

http-cache-semantics@^4.0.0:
  version "4.1.0"
  resolved "https://registry.npmjs.org/http-cache-semantics/-/http-cache-semantics-4.1.0.tgz"

http-signature@~1.2.0:
  version "1.2.0"
  resolved "https://registry.npmjs.org/http-signature/-/http-signature-1.2.0.tgz"
  dependencies:
    assert-plus "^1.0.0"
    jsprim "^1.2.2"
    sshpk "^1.7.0"

https-proxy-agent@^5.0.0:
  version "5.0.1"
  resolved "https://registry.npmjs.org/https-proxy-agent/-/https-proxy-agent-5.0.1.tgz"
  dependencies:
    agent-base "6"
    debug "4"

ieee754@^1.2.1:
  version "1.2.1"
  resolved "https://registry.npmjs.org/ieee754/-/ieee754-1.2.1.tgz"

ignore-by-default@^1.0.1:
  version "1.0.1"
  resolved "https://registry.npmjs.org/ignore-by-default/-/ignore-by-default-1.0.1.tgz"

immediate@~3.0.5:
  version "3.0.6"
  resolved "https://registry.npmjs.org/immediate/-/immediate-3.0.6.tgz"

import-lazy@^2.1.0:
  version "2.1.0"
  resolved "https://registry.npmjs.org/import-lazy/-/import-lazy-2.1.0.tgz"

imurmurhash@^0.1.4:
  version "0.1.4"
  resolved "https://registry.npmjs.org/imurmurhash/-/imurmurhash-0.1.4.tgz"

inflight@^1.0.4:
  version "1.0.6"
  resolved "https://registry.npmjs.org/inflight/-/inflight-1.0.6.tgz"
  dependencies:
    once "^1.3.0"
    wrappy "1"

inherits@2, inherits@^2.0.3, inherits@~2.0.3:
  version "2.0.4"
  resolved "https://registry.npmjs.org/inherits/-/inherits-2.0.4.tgz"

ini@2.0.0:
  version "2.0.0"
  resolved "https://registry.npmjs.org/ini/-/ini-2.0.0.tgz"

ini@~1.3.0:
  version "1.3.8"
  resolved "https://registry.npmjs.org/ini/-/ini-1.3.8.tgz"

is-binary-path@~2.1.0:
  version "2.1.0"
  resolved "https://registry.npmjs.org/is-binary-path/-/is-binary-path-2.1.0.tgz"
  dependencies:
    binary-extensions "^2.0.0"

is-ci@^2.0.0:
  version "2.0.0"
  resolved "https://registry.npmjs.org/is-ci/-/is-ci-2.0.0.tgz"
  dependencies:
    ci-info "^2.0.0"

is-extglob@^2.1.1:
  version "2.1.1"
  resolved "https://registry.npmjs.org/is-extglob/-/is-extglob-2.1.1.tgz"

is-fullwidth-code-point@^3.0.0:
  version "3.0.0"
  resolved "https://registry.npmjs.org/is-fullwidth-code-point/-/is-fullwidth-code-point-3.0.0.tgz"

is-glob@^4.0.1, is-glob@~4.0.1:
  version "4.0.3"
  resolved "https://registry.npmjs.org/is-glob/-/is-glob-4.0.3.tgz"
  dependencies:
    is-extglob "^2.1.1"

is-installed-globally@^0.4.0:
  version "0.4.0"
  resolved "https://registry.npmjs.org/is-installed-globally/-/is-installed-globally-0.4.0.tgz"
  dependencies:
    global-dirs "^3.0.0"
    is-path-inside "^3.0.2"

is-npm@^5.0.0:
  version "5.0.0"
  resolved "https://registry.npmjs.org/is-npm/-/is-npm-5.0.0.tgz"

is-number@^7.0.0:
  version "7.0.0"
  resolved "https://registry.npmjs.org/is-number/-/is-number-7.0.0.tgz"

is-obj@^2.0.0:
  version "2.0.0"
  resolved "https://registry.npmjs.org/is-obj/-/is-obj-2.0.0.tgz"

is-path-inside@^3.0.2:
  version "3.0.3"
  resolved "https://registry.npmjs.org/is-path-inside/-/is-path-inside-3.0.3.tgz"

is-typedarray@^1.0.0, is-typedarray@~1.0.0:
  version "1.0.0"
  resolved "https://registry.npmjs.org/is-typedarray/-/is-typedarray-1.0.0.tgz"

is-yarn-global@^0.3.0:
  version "0.3.0"
  resolved "https://registry.npmjs.org/is-yarn-global/-/is-yarn-global-0.3.0.tgz"

isarray@~1.0.0:
  version "1.0.0"
  resolved "https://registry.npmjs.org/isarray/-/isarray-1.0.0.tgz"

isstream@~0.1.2:
  version "0.1.2"
  resolved "https://registry.npmjs.org/isstream/-/isstream-0.1.2.tgz"

jsbn@~0.1.0:
  version "0.1.1"
  resolved "https://registry.npmjs.org/jsbn/-/jsbn-0.1.1.tgz"

json-buffer@3.0.0:
  version "3.0.0"
  resolved "https://registry.npmjs.org/json-buffer/-/json-buffer-3.0.0.tgz"

json-schema-traverse@^0.4.1:
  version "0.4.1"
  resolved "https://registry.npmjs.org/json-schema-traverse/-/json-schema-traverse-0.4.1.tgz"

json-schema@0.4.0:
  version "0.4.0"
  resolved "https://registry.npmjs.org/json-schema/-/json-schema-0.4.0.tgz"

json-stringify-safe@~5.0.1:
  version "5.0.1"
  resolved "https://registry.npmjs.org/json-stringify-safe/-/json-stringify-safe-5.0.1.tgz"

jsprim@^1.2.2:
  version "1.4.2"
  resolved "https://registry.npmjs.org/jsprim/-/jsprim-1.4.2.tgz"
  dependencies:
    assert-plus "1.0.0"
    extsprintf "1.3.0"
    json-schema "0.4.0"
    verror "1.10.0"

jszip@^3.2.2:
  version "3.9.1"
  resolved "https://registry.npmjs.org/jszip/-/jszip-3.9.1.tgz"
  dependencies:
    lie "~3.3.0"
    pako "~1.0.2"
    readable-stream "~2.3.6"
    set-immediate-shim "~1.0.1"

keyv@^3.0.0:
  version "3.1.0"
  resolved "https://registry.npmjs.org/keyv/-/keyv-3.1.0.tgz"
  dependencies:
    json-buffer "3.0.0"

latest-version@^5.1.0:
  version "5.1.0"
  resolved "https://registry.npmjs.org/latest-version/-/latest-version-5.1.0.tgz"
  dependencies:
    package-json "^6.3.0"

libsodium-wrappers@^0.7.10:
  version "0.7.10"
  resolved "https://registry.npmjs.org/libsodium-wrappers/-/libsodium-wrappers-0.7.10.tgz"
  dependencies:
    libsodium "^0.7.0"

libsodium@^0.7.0:
  version "0.7.10"
  resolved "https://registry.npmjs.org/libsodium/-/libsodium-0.7.10.tgz"

lie@~3.3.0:
  version "3.3.0"
  resolved "https://registry.npmjs.org/lie/-/lie-3.3.0.tgz"
  dependencies:
    immediate "~3.0.5"

lodash.snakecase@^4.1.1:
  version "4.1.1"
  resolved "https://registry.npmjs.org/lodash.snakecase/-/lodash.snakecase-4.1.1.tgz"

lodash.uniqwith@^4.5.0:
  version "4.5.0"
  resolved "https://registry.npmjs.org/lodash.uniqwith/-/lodash.uniqwith-4.5.0.tgz"

lodash@^4.17.19:
  version "4.17.21"
  resolved "https://registry.npmjs.org/lodash/-/lodash-4.17.21.tgz"

lowercase-keys@^1.0.0, lowercase-keys@^1.0.1:
  version "1.0.1"
  resolved "https://registry.npmjs.org/lowercase-keys/-/lowercase-keys-1.0.1.tgz"

lowercase-keys@^2.0.0:
  version "2.0.0"
  resolved "https://registry.npmjs.org/lowercase-keys/-/lowercase-keys-2.0.0.tgz"

lru-cache@^6.0.0:
  version "6.0.0"
  resolved "https://registry.npmjs.org/lru-cache/-/lru-cache-6.0.0.tgz"
  dependencies:
    yallist "^4.0.0"

m3u8stream@^0.8.6:
  version "0.8.6"
  resolved "https://registry.npmjs.org/m3u8stream/-/m3u8stream-0.8.6.tgz"
  dependencies:
    miniget "^4.2.2"
    sax "^1.2.4"

make-dir@^3.0.0, make-dir@^3.1.0:
  version "3.1.0"
  resolved "https://registry.npmjs.org/make-dir/-/make-dir-3.1.0.tgz"
  dependencies:
    semver "^6.0.0"

mime-db@1.44.0:
  version "1.44.0"
  resolved "https://registry.npmjs.org/mime-db/-/mime-db-1.44.0.tgz"

mime-types@^2.1.12, mime-types@~2.1.19:
  version "2.1.27"
  resolved "https://registry.npmjs.org/mime-types/-/mime-types-2.1.27.tgz"
  dependencies:
    mime-db "1.44.0"

mimic-response@^1.0.0, mimic-response@^1.0.1:
  version "1.0.1"
  resolved "https://registry.npmjs.org/mimic-response/-/mimic-response-1.0.1.tgz"

miniget@^4.2.2:
  version "4.2.2"
  resolved "https://registry.npmjs.org/miniget/-/miniget-4.2.2.tgz"

minimatch@^3.0.4:
  version "3.0.4"
  resolved "https://registry.npmjs.org/minimatch/-/minimatch-3.0.4.tgz"
  dependencies:
    brace-expansion "^1.1.7"

minimist@^1.2.0:
  version "1.2.6"
  resolved "https://registry.npmjs.org/minimist/-/minimist-1.2.6.tgz"

minipass@^3.0.0:
  version "3.1.6"
  resolved "https://registry.npmjs.org/minipass/-/minipass-3.1.6.tgz"
  dependencies:
    yallist "^4.0.0"

minizlib@^2.1.1:
  version "2.1.2"
  resolved "https://registry.npmjs.org/minizlib/-/minizlib-2.1.2.tgz"
  dependencies:
    minipass "^3.0.0"
    yallist "^4.0.0"

mkdirp@^1.0.3:
  version "1.0.4"
  resolved "https://registry.npmjs.org/mkdirp/-/mkdirp-1.0.4.tgz"

ms@2.0.0:
  version "2.0.0"
  resolved "https://registry.yarnpkg.com/ms/-/ms-2.0.0.tgz#5608aeadfc00be6c2901df5f9861788de0d597c8"

ms@2.1.2:
  version "2.1.2"
  resolved "https://registry.npmjs.org/ms/-/ms-2.1.2.tgz"

ms@^2.1.1:
  version "2.1.3"
  resolved "https://registry.npmjs.org/ms/-/ms-2.1.3.tgz"

nan@2:
  version "2.17.0"
  resolved "https://registry.yarnpkg.com/nan/-/nan-2.17.0.tgz#c0150a2368a182f033e9aa5195ec76ea41a199cb"

nan@^2.14.0:
  version "2.14.1"
  resolved "https://registry.npmjs.org/nan/-/nan-2.14.1.tgz"

node-addon-api@^4.2.0:
  version "4.3.0"
  resolved "https://registry.npmjs.org/node-addon-api/-/node-addon-api-4.3.0.tgz"

node-fetch@^2.6.5:
  version "2.6.7"
  resolved "https://registry.npmjs.org/node-fetch/-/node-fetch-2.6.7.tgz"
  dependencies:
    whatwg-url "^5.0.0"

node-opus@^0.3.3:
  version "0.3.3"
  resolved "https://registry.npmjs.org/node-opus/-/node-opus-0.3.3.tgz"
  dependencies:
    bindings "~1.2.1"
    commander "^2.9.0"
    nan "^2.14.0"
  optionalDependencies:
    ogg-packet "^1.0.0"

nodemon@^2.0.16:
  version "2.0.16"
  resolved "https://registry.npmjs.org/nodemon/-/nodemon-2.0.16.tgz"
  dependencies:
    chokidar "^3.5.2"
    debug "^3.2.7"
    ignore-by-default "^1.0.1"
    minimatch "^3.0.4"
    pstree.remy "^1.1.8"
    semver "^5.7.1"
    supports-color "^5.5.0"
    touch "^3.1.0"
    undefsafe "^2.0.5"
    update-notifier "^5.1.0"

nopt@^5.0.0:
  version "5.0.0"
  resolved "https://registry.npmjs.org/nopt/-/nopt-5.0.0.tgz"
  dependencies:
    abbrev "1"

nopt@~1.0.10:
  version "1.0.10"
  resolved "https://registry.npmjs.org/nopt/-/nopt-1.0.10.tgz"
  dependencies:
    abbrev "1"

normalize-path@^3.0.0, normalize-path@~3.0.0:
  version "3.0.0"
  resolved "https://registry.npmjs.org/normalize-path/-/normalize-path-3.0.0.tgz"

normalize-url@^4.1.0:
  version "4.5.1"
  resolved "https://registry.npmjs.org/normalize-url/-/normalize-url-4.5.1.tgz"

npmlog@^5.0.1:
  version "5.0.1"
  resolved "https://registry.npmjs.org/npmlog/-/npmlog-5.0.1.tgz"
  dependencies:
    are-we-there-yet "^2.0.0"
    console-control-strings "^1.1.0"
    gauge "^3.0.0"
    set-blocking "^2.0.0"

nth-check@^2.0.1:
  version "2.0.1"
  resolved "https://registry.npmjs.org/nth-check/-/nth-check-2.0.1.tgz"
  dependencies:
    boolbase "^1.0.0"

oauth-sign@~0.9.0:
  version "0.9.0"
  resolved "https://registry.npmjs.org/oauth-sign/-/oauth-sign-0.9.0.tgz"

object-assign@^4.1.1:
  version "4.1.1"
  resolved "https://registry.npmjs.org/object-assign/-/object-assign-4.1.1.tgz"

ogg-packet@^1.0.0:
  version "1.0.1"
  resolved "https://registry.yarnpkg.com/ogg-packet/-/ogg-packet-1.0.1.tgz#6b7d6c7a743c5f1ae9277c3b1271cac256af4785"
  dependencies:
    ref-struct "*"

once@^1.3.0, once@^1.3.1, once@^1.4.0:
  version "1.4.0"
  resolved "https://registry.npmjs.org/once/-/once-1.4.0.tgz"
  dependencies:
    wrappy "1"

os-tmpdir@~1.0.1:
  version "1.0.2"
  resolved "https://registry.npmjs.org/os-tmpdir/-/os-tmpdir-1.0.2.tgz"

p-cancelable@^1.0.0:
  version "1.1.0"
  resolved "https://registry.npmjs.org/p-cancelable/-/p-cancelable-1.1.0.tgz"

package-json@^6.3.0:
  version "6.5.0"
  resolved "https://registry.npmjs.org/package-json/-/package-json-6.5.0.tgz"
  dependencies:
    got "^9.6.0"
    registry-auth-token "^4.0.0"
    registry-url "^5.0.0"
    semver "^6.2.0"

pako@~1.0.2:
  version "1.0.11"
  resolved "https://registry.npmjs.org/pako/-/pako-1.0.11.tgz"

parse5-htmlparser2-tree-adapter@^6.0.1:
  version "6.0.1"
  resolved "https://registry.npmjs.org/parse5-htmlparser2-tree-adapter/-/parse5-htmlparser2-tree-adapter-6.0.1.tgz"
  dependencies:
    parse5 "^6.0.1"

parse5@^6.0.1:
  version "6.0.1"
  resolved "https://registry.npmjs.org/parse5/-/parse5-6.0.1.tgz"

path-is-absolute@^1.0.0:
  version "1.0.1"
  resolved "https://registry.npmjs.org/path-is-absolute/-/path-is-absolute-1.0.1.tgz"

peek-readable@^5.0.0:
  version "5.0.0"
  resolved "https://registry.npmjs.org/peek-readable/-/peek-readable-5.0.0.tgz"

performance-now@^2.1.0:
  version "2.1.0"
  resolved "https://registry.npmjs.org/performance-now/-/performance-now-2.1.0.tgz"

picomatch@^2.0.4, picomatch@^2.2.1:
  version "2.3.1"
  resolved "https://registry.npmjs.org/picomatch/-/picomatch-2.3.1.tgz"

prepend-http@^2.0.0:
  version "2.0.0"
  resolved "https://registry.npmjs.org/prepend-http/-/prepend-http-2.0.0.tgz"

prism-media@^1.3.2:
  version "1.3.2"
  resolved "https://registry.npmjs.org/prism-media/-/prism-media-1.3.2.tgz"

"prism-media@github:hydrabolt/prism-media":
  version "1.2.2"
  resolved "git+ssh://git@github.com/hydrabolt/prism-media.git#5c468cf2a8c92a1f4cd1d3c6892e8a6ef821a9ba"

process-nextick-args@~2.0.0:
  version "2.0.1"
  resolved "https://registry.npmjs.org/process-nextick-args/-/process-nextick-args-2.0.1.tgz"

psl@^1.1.28:
  version "1.8.0"
  resolved "https://registry.npmjs.org/psl/-/psl-1.8.0.tgz"

pstree.remy@^1.1.8:
  version "1.1.8"
  resolved "https://registry.npmjs.org/pstree.remy/-/pstree.remy-1.1.8.tgz"

pump@^3.0.0:
  version "3.0.0"
  resolved "https://registry.npmjs.org/pump/-/pump-3.0.0.tgz"
  dependencies:
    end-of-stream "^1.1.0"
    once "^1.3.1"

punycode@^2.1.0, punycode@^2.1.1:
  version "2.1.1"
  resolved "https://registry.npmjs.org/punycode/-/punycode-2.1.1.tgz"

pupa@^2.1.1:
  version "2.1.1"
  resolved "https://registry.npmjs.org/pupa/-/pupa-2.1.1.tgz"
  dependencies:
    escape-goat "^2.0.0"

qs@~6.5.2:
  version "6.5.3"
  resolved "https://registry.yarnpkg.com/qs/-/qs-6.5.3.tgz#3aeeffc91967ef6e35c0e488ef46fb296ab76aad"

rc@^1.2.8:
  version "1.2.8"
  resolved "https://registry.npmjs.org/rc/-/rc-1.2.8.tgz"
  dependencies:
    deep-extend "^0.6.0"
    ini "~1.3.0"
    minimist "^1.2.0"
    strip-json-comments "~2.0.1"

readable-stream@^3.6.0:
  version "3.6.0"
  resolved "https://registry.npmjs.org/readable-stream/-/readable-stream-3.6.0.tgz"
  dependencies:
    inherits "^2.0.3"
    string_decoder "^1.1.1"
    util-deprecate "^1.0.1"

readable-stream@~2.3.6:
  version "2.3.7"
  resolved "https://registry.npmjs.org/readable-stream/-/readable-stream-2.3.7.tgz"
  dependencies:
    core-util-is "~1.0.0"
    inherits "~2.0.3"
    isarray "~1.0.0"
    process-nextick-args "~2.0.0"
    safe-buffer "~5.1.1"
    string_decoder "~1.1.1"
    util-deprecate "~1.0.1"

readable-web-to-node-stream@^3.0.2:
  version "3.0.2"
  resolved "https://registry.npmjs.org/readable-web-to-node-stream/-/readable-web-to-node-stream-3.0.2.tgz"
  dependencies:
    readable-stream "^3.6.0"

readdirp@~3.6.0:
  version "3.6.0"
  resolved "https://registry.npmjs.org/readdirp/-/readdirp-3.6.0.tgz"
  dependencies:
    picomatch "^2.2.1"

ref-struct@*:
  version "1.1.0"
  resolved "https://registry.yarnpkg.com/ref-struct/-/ref-struct-1.1.0.tgz#5d5ee65ad41cefc3a5c5feb40587261e479edc13"
  dependencies:
    debug "2"
    ref "1"

ref@1:
  version "1.3.5"
  resolved "https://registry.yarnpkg.com/ref/-/ref-1.3.5.tgz#0e33f080cdb94a3d95312b2b3b1fd0f82044ca0f"
  dependencies:
    bindings "1"
    debug "2"
    nan "2"

registry-auth-token@^4.0.0:
  version "4.2.1"
  resolved "https://registry.npmjs.org/registry-auth-token/-/registry-auth-token-4.2.1.tgz"
  dependencies:
    rc "^1.2.8"

registry-url@^5.0.0:
  version "5.1.0"
  resolved "https://registry.npmjs.org/registry-url/-/registry-url-5.1.0.tgz"
  dependencies:
    rc "^1.2.8"

request-promise-core@1.1.4:
  version "1.1.4"
  resolved "https://registry.npmjs.org/request-promise-core/-/request-promise-core-1.1.4.tgz"
  dependencies:
    lodash "^4.17.19"

request-promise@^4.2.6:
  version "4.2.6"
  resolved "https://registry.npmjs.org/request-promise/-/request-promise-4.2.6.tgz"
  dependencies:
    bluebird "^3.5.0"
    request-promise-core "1.1.4"
    stealthy-require "^1.1.1"
    tough-cookie "^2.3.3"

request@^2.88.2:
  version "2.88.2"
  resolved "https://registry.npmjs.org/request/-/request-2.88.2.tgz"
  dependencies:
    aws-sign2 "~0.7.0"
    aws4 "^1.8.0"
    caseless "~0.12.0"
    combined-stream "~1.0.6"
    extend "~3.0.2"
    forever-agent "~0.6.1"
    form-data "~2.3.2"
    har-validator "~5.1.3"
    http-signature "~1.2.0"
    is-typedarray "~1.0.0"
    isstream "~0.1.2"
    json-stringify-safe "~5.0.1"
    mime-types "~2.1.19"
    oauth-sign "~0.9.0"
    performance-now "^2.1.0"
    qs "~6.5.2"
    safe-buffer "^5.1.2"
    tough-cookie "~2.5.0"
    tunnel-agent "^0.6.0"
    uuid "^3.3.2"

responselike@^1.0.2:
  version "1.0.2"
  resolved "https://registry.npmjs.org/responselike/-/responselike-1.0.2.tgz"
  dependencies:
    lowercase-keys "^1.0.0"

rimraf@^2.7.1:
  version "2.7.1"
  resolved "https://registry.npmjs.org/rimraf/-/rimraf-2.7.1.tgz"
  dependencies:
    glob "^7.1.3"

rimraf@^3.0.2:
  version "3.0.2"
  resolved "https://registry.npmjs.org/rimraf/-/rimraf-3.0.2.tgz"
  dependencies:
    glob "^7.1.3"

safe-buffer@^5.0.1, safe-buffer@^5.1.2:
  version "5.2.0"
  resolved "https://registry.npmjs.org/safe-buffer/-/safe-buffer-5.2.0.tgz"

safe-buffer@~5.1.0, safe-buffer@~5.1.1:
  version "5.1.2"
  resolved "https://registry.npmjs.org/safe-buffer/-/safe-buffer-5.1.2.tgz"

safer-buffer@^2.0.2, safer-buffer@^2.1.0, safer-buffer@~2.1.0:
  version "2.1.2"
  resolved "https://registry.npmjs.org/safer-buffer/-/safer-buffer-2.1.2.tgz"

sax@^1.1.3, sax@^1.2.4:
  version "1.2.4"
  resolved "https://registry.npmjs.org/sax/-/sax-1.2.4.tgz"

selenium-webdriver@^4.0.0-alpha.7:
  version "4.0.0-alpha.7"
  resolved "https://registry.npmjs.org/selenium-webdriver/-/selenium-webdriver-4.0.0-alpha.7.tgz"
  dependencies:
    jszip "^3.2.2"
    rimraf "^2.7.1"
    tmp "0.0.30"

semver-diff@^3.1.1:
  version "3.1.1"
  resolved "https://registry.npmjs.org/semver-diff/-/semver-diff-3.1.1.tgz"
  dependencies:
    semver "^6.3.0"

semver@^5.7.1:
  version "5.7.1"
  resolved "https://registry.npmjs.org/semver/-/semver-5.7.1.tgz"

semver@^6.0.0, semver@^6.2.0, semver@^6.3.0:
  version "6.3.0"
  resolved "https://registry.npmjs.org/semver/-/semver-6.3.0.tgz"

semver@^7.3.4, semver@^7.3.5:
  version "7.3.7"
  resolved "https://registry.npmjs.org/semver/-/semver-7.3.7.tgz"
  dependencies:
    lru-cache "^6.0.0"

set-blocking@^2.0.0:
  version "2.0.0"
  resolved "https://registry.npmjs.org/set-blocking/-/set-blocking-2.0.0.tgz"

set-immediate-shim@~1.0.1:
  version "1.0.1"
  resolved "https://registry.npmjs.org/set-immediate-shim/-/set-immediate-shim-1.0.1.tgz"

signal-exit@^3.0.0, signal-exit@^3.0.2:
  version "3.0.7"
  resolved "https://registry.npmjs.org/signal-exit/-/signal-exit-3.0.7.tgz"

sshpk@^1.7.0:
  version "1.16.1"
  resolved "https://registry.npmjs.org/sshpk/-/sshpk-1.16.1.tgz"
  dependencies:
    asn1 "~0.2.3"
    assert-plus "^1.0.0"
    bcrypt-pbkdf "^1.0.0"
    dashdash "^1.12.0"
    ecc-jsbn "~0.1.1"
    getpass "^0.1.1"
    jsbn "~0.1.0"
    safer-buffer "^2.0.2"
    tweetnacl "~0.14.0"

stealthy-require@^1.1.1:
  version "1.1.1"
  resolved "https://registry.npmjs.org/stealthy-require/-/stealthy-require-1.1.1.tgz"

"string-width@^1.0.2 || 2 || 3 || 4", string-width@^4.0.0, string-width@^4.1.0, string-width@^4.2.2, string-width@^4.2.3:
  version "4.2.3"
  resolved "https://registry.npmjs.org/string-width/-/string-width-4.2.3.tgz"
  dependencies:
    emoji-regex "^8.0.0"
    is-fullwidth-code-point "^3.0.0"
    strip-ansi "^6.0.1"

string_decoder@^1.1.1, string_decoder@~1.1.1:
  version "1.1.1"
  resolved "https://registry.npmjs.org/string_decoder/-/string_decoder-1.1.1.tgz"
  dependencies:
    safe-buffer "~5.1.0"

strip-ansi@^6.0.0, strip-ansi@^6.0.1:
  version "6.0.1"
  resolved "https://registry.npmjs.org/strip-ansi/-/strip-ansi-6.0.1.tgz"
  dependencies:
    ansi-regex "^5.0.1"

strip-json-comments@~2.0.1:
  version "2.0.1"
  resolved "https://registry.npmjs.org/strip-json-comments/-/strip-json-comments-2.0.1.tgz"

strtok3@^7.0.0-alpha.9:
  version "7.0.0"
  resolved "https://registry.npmjs.org/strtok3/-/strtok3-7.0.0.tgz"
  dependencies:
    "@tokenizer/token" "^0.3.0"
    peek-readable "^5.0.0"

supports-color@^5.5.0:
  version "5.5.0"
  resolved "https://registry.npmjs.org/supports-color/-/supports-color-5.5.0.tgz"
  dependencies:
    has-flag "^3.0.0"

supports-color@^7.1.0:
  version "7.2.0"
  resolved "https://registry.npmjs.org/supports-color/-/supports-color-7.2.0.tgz"
  dependencies:
    has-flag "^4.0.0"

tar@^6.1.11:
  version "6.1.11"
  resolved "https://registry.npmjs.org/tar/-/tar-6.1.11.tgz"
  dependencies:
    chownr "^2.0.0"
    fs-minipass "^2.0.0"
    minipass "^3.0.0"
    minizlib "^2.1.1"
    mkdirp "^1.0.3"
    yallist "^4.0.0"

tiny-typed-emitter@^2.1.0:
  version "2.1.0"
  resolved "https://registry.npmjs.org/tiny-typed-emitter/-/tiny-typed-emitter-2.1.0.tgz"

tmp@0.0.30:
  version "0.0.30"
  resolved "https://registry.npmjs.org/tmp/-/tmp-0.0.30.tgz"
  dependencies:
    os-tmpdir "~1.0.1"

to-readable-stream@^1.0.0:
  version "1.0.0"
  resolved "https://registry.npmjs.org/to-readable-stream/-/to-readable-stream-1.0.0.tgz"

to-regex-range@^5.0.1:
  version "5.0.1"
  resolved "https://registry.npmjs.org/to-regex-range/-/to-regex-range-5.0.1.tgz"
  dependencies:
    is-number "^7.0.0"

token-types@^5.0.0-alpha.2:
  version "5.0.1"
  resolved "https://registry.npmjs.org/token-types/-/token-types-5.0.1.tgz"
  dependencies:
    "@tokenizer/token" "^0.3.0"
    ieee754 "^1.2.1"

touch@^3.1.0:
  version "3.1.0"
  resolved "https://registry.npmjs.org/touch/-/touch-3.1.0.tgz"
  dependencies:
    nopt "~1.0.10"

tough-cookie@^2.3.3, tough-cookie@~2.5.0:
  version "2.5.0"
  resolved "https://registry.npmjs.org/tough-cookie/-/tough-cookie-2.5.0.tgz"
  dependencies:
    psl "^1.1.28"
    punycode "^2.1.1"

tr46@~0.0.3:
  version "0.0.3"
  resolved "https://registry.npmjs.org/tr46/-/tr46-0.0.3.tgz"

ts-mixer@^6.0.1:
  version "6.0.1"
  resolved "https://registry.npmjs.org/ts-mixer/-/ts-mixer-6.0.1.tgz"

tslib@^2.2.0, tslib@^2.3.1, tslib@^2.4.0:
  version "2.4.0"
  resolved "https://registry.npmjs.org/tslib/-/tslib-2.4.0.tgz"

tunnel-agent@^0.6.0:
  version "0.6.0"
  resolved "https://registry.npmjs.org/tunnel-agent/-/tunnel-agent-0.6.0.tgz"
  dependencies:
    safe-buffer "^5.0.1"

tweetnacl@^0.14.3, tweetnacl@~0.14.0:
  version "0.14.5"
  resolved "https://registry.npmjs.org/tweetnacl/-/tweetnacl-0.14.5.tgz"

type-fest@^0.20.2:
  version "0.20.2"
  resolved "https://registry.npmjs.org/type-fest/-/type-fest-0.20.2.tgz"

typedarray-to-buffer@^3.1.5:
  version "3.1.5"
  resolved "https://registry.npmjs.org/typedarray-to-buffer/-/typedarray-to-buffer-3.1.5.tgz"
  dependencies:
    is-typedarray "^1.0.0"

undefsafe@^2.0.5:
  version "2.0.5"
  resolved "https://registry.npmjs.org/undefsafe/-/undefsafe-2.0.5.tgz"

undici@^5.9.1:
  version "5.10.0"
  resolved "https://registry.npmjs.org/undici/-/undici-5.10.0.tgz"

unique-string@^2.0.0:
  version "2.0.0"
  resolved "https://registry.npmjs.org/unique-string/-/unique-string-2.0.0.tgz"
  dependencies:
    crypto-random-string "^2.0.0"

update-notifier@^5.1.0:
  version "5.1.0"
  resolved "https://registry.npmjs.org/update-notifier/-/update-notifier-5.1.0.tgz"
  dependencies:
    boxen "^5.0.0"
    chalk "^4.1.0"
    configstore "^5.0.1"
    has-yarn "^2.1.0"
    import-lazy "^2.1.0"
    is-ci "^2.0.0"
    is-installed-globally "^0.4.0"
    is-npm "^5.0.0"
    is-yarn-global "^0.3.0"
    latest-version "^5.1.0"
    pupa "^2.1.1"
    semver "^7.3.4"
    semver-diff "^3.1.1"
    xdg-basedir "^4.0.0"

uri-js@^4.2.2:
  version "4.4.0"
  resolved "https://registry.npmjs.org/uri-js/-/uri-js-4.4.0.tgz"
  dependencies:
    punycode "^2.1.0"

url-parse-lax@^3.0.0:
  version "3.0.0"
  resolved "https://registry.npmjs.org/url-parse-lax/-/url-parse-lax-3.0.0.tgz"
  dependencies:
    prepend-http "^2.0.0"

util-deprecate@^1.0.1, util-deprecate@~1.0.1:
  version "1.0.2"
  resolved "https://registry.npmjs.org/util-deprecate/-/util-deprecate-1.0.2.tgz"

uuid@^3.3.2:
  version "3.4.0"
  resolved "https://registry.npmjs.org/uuid/-/uuid-3.4.0.tgz"

verror@1.10.0:
  version "1.10.0"
  resolved "https://registry.npmjs.org/verror/-/verror-1.10.0.tgz"
  dependencies:
    assert-plus "^1.0.0"
    core-util-is "1.0.2"
    extsprintf "^1.2.0"

webidl-conversions@^3.0.0:
  version "3.0.1"
  resolved "https://registry.npmjs.org/webidl-conversions/-/webidl-conversions-3.0.1.tgz"

whatwg-url@^5.0.0:
  version "5.0.0"
  resolved "https://registry.npmjs.org/whatwg-url/-/whatwg-url-5.0.0.tgz"
  dependencies:
    tr46 "~0.0.3"
    webidl-conversions "^3.0.0"

wide-align@^1.1.2:
  version "1.1.5"
  resolved "https://registry.npmjs.org/wide-align/-/wide-align-1.1.5.tgz"
  dependencies:
    string-width "^1.0.2 || 2 || 3 || 4"

widest-line@^3.1.0:
  version "3.1.0"
  resolved "https://registry.npmjs.org/widest-line/-/widest-line-3.1.0.tgz"
  dependencies:
    string-width "^4.0.0"

wrap-ansi@^7.0.0:
  version "7.0.0"
  resolved "https://registry.npmjs.org/wrap-ansi/-/wrap-ansi-7.0.0.tgz"
  dependencies:
    ansi-styles "^4.0.0"
    string-width "^4.1.0"
    strip-ansi "^6.0.0"

wrappy@1:
  version "1.0.2"
  resolved "https://registry.npmjs.org/wrappy/-/wrappy-1.0.2.tgz"

write-file-atomic@^3.0.0:
  version "3.0.3"
  resolved "https://registry.npmjs.org/write-file-atomic/-/write-file-atomic-3.0.3.tgz"
  dependencies:
    imurmurhash "^0.1.4"
    is-typedarray "^1.0.0"
    signal-exit "^3.0.2"
    typedarray-to-buffer "^3.1.5"

ws@^8.5.0, ws@^8.8.1:
  version "8.8.1"
  resolved "https://registry.npmjs.org/ws/-/ws-8.8.1.tgz"

xdg-basedir@^4.0.0:
  version "4.0.0"
  resolved "https://registry.npmjs.org/xdg-basedir/-/xdg-basedir-4.0.0.tgz"

xmlhttprequest@^1.8.0:
  version "1.8.0"
  resolved "https://registry.npmjs.org/xmlhttprequest/-/xmlhttprequest-1.8.0.tgz"

yallist@^4.0.0:
  version "4.0.0"
  resolved "https://registry.npmjs.org/yallist/-/yallist-4.0.0.tgz"

yarn@^1.22.10:
  version "1.22.10"
  resolved "https://registry.npmjs.org/yarn/-/yarn-1.22.10.tgz"

ytdl-core@^4.11.0:
  version "4.11.0"
  resolved "https://registry.npmjs.org/ytdl-core/-/ytdl-core-4.11.0.tgz"
  dependencies:
    m3u8stream "^0.8.6"
    miniget "^4.2.2"
    sax "^1.1.3"
