# THIS IS AN AUTOGENERATED FILE. DO NOT EDIT THIS FILE DIRECTLY.
# yarn lockfile v1


"@discordjs/collection@^0.1.6":
  version "0.1.6"
  resolved "https://registry.yarnpkg.com/@discordjs/collection/-/collection-0.1.6.tgz#9e9a7637f4e4e0688fd8b2b5c63133c91607682c"
  integrity sha512-utRNxnd9kSS2qhyivo9lMlt5qgAUasH2gb7BEOn6p0efFh24gjGomHzWKMAPn2hEReOPQZCJaRKoURwRotKucQ==

"@discordjs/form-data@^3.0.1":
  version "3.0.1"
  resolved "https://registry.yarnpkg.com/@discordjs/form-data/-/form-data-3.0.1.tgz#5c9e6be992e2e57d0dfa0e39979a850225fb4697"
  integrity sha512-ZfFsbgEXW71Rw/6EtBdrP5VxBJy4dthyC0tpQKGKmYFImlmmrykO14Za+BiIVduwjte0jXEBlhSKf0MWbFp9Eg==
  dependencies:
    asynckit "^0.4.0"
    combined-stream "^1.0.8"
    mime-types "^2.1.12"

"@types/node@*":
  version "12.0.7"
  resolved "https://registry.yarnpkg.com/@types/node/-/node-12.0.7.tgz#4f2563bad652b2acb1722d7e7aae2b0ff62d192c"
  integrity sha512-1YKeT4JitGgE4SOzyB9eMwO0nGVNkNEsm9qlIt1Lqm/tG2QEiSMTD4kS3aO6L+w5SClLVxALmIBESK6Mk5wX0A==

abbrev@1:
  version "1.1.1"
  resolved "https://registry.yarnpkg.com/abbrev/-/abbrev-1.1.1.tgz#f8f2c887ad10bf67f634f005b6987fed3179aac8"
  integrity sha512-nne9/IiQ/hzIhY6pdDnbBtz7DjPTKrY00P/zvPSm5pOFkl6xuGrGnXn/VtTNNfNtAfZ9/1RtehkszU9qcTii0Q==

abort-controller@^3.0.0:
  version "3.0.0"
  resolved "https://registry.yarnpkg.com/abort-controller/-/abort-controller-3.0.0.tgz#eaf54d53b62bae4138e809ca225c8439a6efb392"
  integrity sha512-h8lQ8tacZYnR3vNQTgibj+tODHI5/+l06Au2Pcriv/Gmet0eaj4TwWH41sO9wnHDiQsEj19q0drzdWdeAHtweg==
  dependencies:
    event-target-shim "^5.0.0"

ajv@^6.12.3:
  version "6.12.6"
  resolved "https://registry.yarnpkg.com/ajv/-/ajv-6.12.6.tgz#baf5a62e802b07d977034586f8c3baf5adf26df4"
  integrity sha512-j3fVLgvTo527anyYyJOGTYJbG+vnnQYvE0m5mmkc1TK+nxAppkCLMIL0aZ4dblVCNoGShhm+kzE4ZUykBoMg4g==
  dependencies:
    fast-deep-equal "^3.1.1"
    fast-json-stable-stringify "^2.0.0"
    json-schema-traverse "^0.4.1"
    uri-js "^4.2.2"

anymatch@~3.1.2:
  version "3.1.2"
  resolved "https://registry.yarnpkg.com/anymatch/-/anymatch-3.1.2.tgz#c0557c096af32f106198f4f4e2a383537e378716"
  integrity sha512-P43ePfOAIupkguHUycrc4qJ9kz8ZiuOUijaETwX7THt0Y/GNK7v0aa8rY816xWjZ7rJdA5XdMcpVFTKMq+RvWg==
  dependencies:
    normalize-path "^3.0.0"
    picomatch "^2.0.4"

asn1@~0.2.3:
  version "0.2.4"
  resolved "https://registry.yarnpkg.com/asn1/-/asn1-0.2.4.tgz#8d2475dfab553bb33e77b54e59e880bb8ce23136"
  integrity sha512-jxwzQpLQjSmWXgwaCZE9Nz+glAG01yF1QnWgbhGwHI5A6FRIEY6IVqtHhIepHqI7/kyEyQEagBC5mBEFlIYvdg==
  dependencies:
    safer-buffer "~2.1.0"

assert-plus@1.0.0, assert-plus@^1.0.0:
  version "1.0.0"
  resolved "https://registry.yarnpkg.com/assert-plus/-/assert-plus-1.0.0.tgz#f12e0f3c5d77b0b1cdd9146942e4e96c1e4dd525"
  integrity sha1-8S4PPF13sLHN2RRpQuTpbB5N1SU=

asynckit@^0.4.0:
  version "0.4.0"
  resolved "https://registry.yarnpkg.com/asynckit/-/asynckit-0.4.0.tgz#c79ed97f7f34cb8f2ba1bc9790bcc366474b4b79"
  integrity sha1-x57Zf380y48robyXkLzDZkdLS3k=

aws-sign2@~0.7.0:
  version "0.7.0"
  resolved "https://registry.yarnpkg.com/aws-sign2/-/aws-sign2-0.7.0.tgz#b46e890934a9591f2d2f6f86d7e6a9f1b3fe76a8"
  integrity sha1-tG6JCTSpWR8tL2+G1+ap8bP+dqg=

aws4@^1.8.0:
  version "1.8.0"
  resolved "https://registry.yarnpkg.com/aws4/-/aws4-1.8.0.tgz#f0e003d9ca9e7f59c7a508945d7b2ef9a04a542f"
  integrity sha512-ReZxvNHIOv88FlT7rxcXIIC0fPt4KZqZbOlivyWtXLt8ESx84zd3kMC6iK5jVeS2qt+g7ftS7ye4fi06X5rtRQ==

balanced-match@^1.0.0:
  version "1.0.0"
  resolved "https://registry.yarnpkg.com/balanced-match/-/balanced-match-1.0.0.tgz#89b4d199ab2bee49de164ea02b89ce462d71b767"
  integrity sha1-ibTRmasr7kneFk6gK4nORi1xt2c=

bcrypt-pbkdf@^1.0.0:
  version "1.0.2"
  resolved "https://registry.yarnpkg.com/bcrypt-pbkdf/-/bcrypt-pbkdf-1.0.2.tgz#a4301d389b6a43f9b67ff3ca11a3f6637e360e9e"
  integrity sha1-pDAdOJtqQ/m2f/PKEaP2Y342Dp4=
  dependencies:
    tweetnacl "^0.14.3"

binary-extensions@^2.0.0:
  version "2.0.0"
  resolved "https://registry.yarnpkg.com/binary-extensions/-/binary-extensions-2.0.0.tgz#23c0df14f6a88077f5f986c0d167ec03c3d5537c"
  integrity sha512-Phlt0plgpIIBOGTT/ehfFnbNlfsDEiqmzE2KRXoX1bLIlir4X/MR+zSyBEkL05ffWgnRSf/DXv+WrUAVr93/ow==

bindings@1:
  version "1.5.0"
  resolved "https://registry.yarnpkg.com/bindings/-/bindings-1.5.0.tgz#10353c9e945334bc0511a6d90b38fbc7c9c504df"
  integrity sha512-p2q/t/mhvuOj/UeLlV6566GD/guowlr0hHxClI0W9m7MWYkL1F0hLo+0Aexs9HSPCtR1SXQ0TD3MMKrXZajbiQ==
  dependencies:
    file-uri-to-path "1.0.0"

bindings@~1.2.1:
  version "1.2.1"
  resolved "https://registry.yarnpkg.com/bindings/-/bindings-1.2.1.tgz#14ad6113812d2d37d72e67b4cacb4bb726505f11"
  integrity sha1-FK1hE4EtLTfXLme0ystLtyZQXxE=

bluebird@^3.5.0:
  version "3.5.5"
  resolved "https://registry.yarnpkg.com/bluebird/-/bluebird-3.5.5.tgz#a8d0afd73251effbbd5fe384a77d73003c17a71f"
  integrity sha512-5am6HnnfN+urzt4yfg7IgTbotDjIT/u8AJpEt0sIU9FtXfVeezXAPKswrG+xKUCOYAINpSdgZVDU6QFh+cuH3w==

boolbase@~1.0.0:
  version "1.0.0"
  resolved "https://registry.yarnpkg.com/boolbase/-/boolbase-1.0.0.tgz#68dff5fbe60c51eb37725ea9e3ed310dcc1e776e"
  integrity sha1-aN/1++YMUes3cl6p4+0xDcwed24=

brace-expansion@^1.1.7:
  version "1.1.11"
  resolved "https://registry.yarnpkg.com/brace-expansion/-/brace-expansion-1.1.11.tgz#3c7fcbf529d87226f3d2f52b966ff5271eb441dd"
  integrity sha512-iCuPHDFgrHX7H2vEI/5xpz07zSHB00TpugqhmYtVmMO6518mCuRMoOYFldEBl0g187ufozdaHgWKcYFb61qGiA==
  dependencies:
    balanced-match "^1.0.0"
    concat-map "0.0.1"

braces@~3.0.2:
  version "3.0.2"
  resolved "https://registry.yarnpkg.com/braces/-/braces-3.0.2.tgz#3454e1a462ee8d599e236df336cd9ea4f8afe107"
  integrity sha512-b8um+L1RzM3WDSzvhm6gIz1yfTbBt6YTlcEKAvsmqCZZFw46z626lVj9j1yEPW33H5H+lBQpZMP1k8l+78Ha0A==
  dependencies:
    fill-range "^7.0.1"

caseless@~0.12.0:
  version "0.12.0"
  resolved "https://registry.yarnpkg.com/caseless/-/caseless-0.12.0.tgz#1b681c21ff84033c826543090689420d187151dc"
  integrity sha1-G2gcIf+EAzyCZUMJBolCDRhxUdw=

cheerio@^1.0.0-rc.3:
  version "1.0.0-rc.3"
  resolved "https://registry.yarnpkg.com/cheerio/-/cheerio-1.0.0-rc.3.tgz#094636d425b2e9c0f4eb91a46c05630c9a1a8bf6"
  integrity sha512-0td5ijfUPuubwLUu0OBoe98gZj8C/AA+RW3v67GPlGOrvxWjZmBXiBCRU+I8VEiNyJzjth40POfHiz2RB3gImA==
  dependencies:
    css-select "~1.2.0"
    dom-serializer "~0.1.1"
    entities "~1.1.1"
    htmlparser2 "^3.9.1"
    lodash "^4.15.0"
    parse5 "^3.0.1"

chokidar@^3.5.2:
  version "3.5.3"
  resolved "https://registry.yarnpkg.com/chokidar/-/chokidar-3.5.3.tgz#1cf37c8707b932bd1af1ae22c0432e2acd1903bd"
  integrity sha512-Dr3sfKRP6oTcjf2JmUmFJfeVMvXBdegxB0iVQ5eb2V10uFJUCAS8OByZdVAyVb8xXNz3GjjTgj9kLWsZTqE6kw==
  dependencies:
    anymatch "~3.1.2"
    braces "~3.0.2"
    glob-parent "~5.1.2"
    is-binary-path "~2.1.0"
    is-glob "~4.0.1"
    normalize-path "~3.0.0"
    readdirp "~3.6.0"
  optionalDependencies:
    fsevents "~2.3.2"

combined-stream@^1.0.6, combined-stream@^1.0.8, combined-stream@~1.0.6:
  version "1.0.8"
  resolved "https://registry.yarnpkg.com/combined-stream/-/combined-stream-1.0.8.tgz#c3d45a8b34fd730631a110a8a2520682b31d5a7f"
  integrity sha512-FQN4MRfuJeHf7cBbBMJFXhKSDq+2kAArBlmRBvcvFE5BB1HZKXtSFASDhdlz9zOYwxh8lDdnvmMOe/+5cdoEdg==
  dependencies:
    delayed-stream "~1.0.0"

commander@^2.9.0:
  version "2.20.0"
  resolved "https://registry.yarnpkg.com/commander/-/commander-2.20.0.tgz#d58bb2b5c1ee8f87b0d340027e9e94e222c5a422"
  integrity sha512-7j2y+40w61zy6YC2iRNpUe/NwhNyoXrYpHMrSunaMG64nRnaf96zO/KMQR4OyN/UnE5KLyEBnKHd4aG3rskjpQ==

concat-map@0.0.1:
  version "0.0.1"
  resolved "https://registry.yarnpkg.com/concat-map/-/concat-map-0.0.1.tgz#d8a96bd77fd68df7793a73036a3ba0d5405d477b"
  integrity sha1-2Klr13/Wjfd5OnMDajug1UBdR3s=

core-util-is@1.0.2:
  version "1.0.2"
  resolved "https://registry.yarnpkg.com/core-util-is/-/core-util-is-1.0.2.tgz#b5fd54220aa2bc5ab57aab7140c940754503c1a7"
  integrity sha1-tf1UIgqivFq1eqtxQMlAdUUDwac=

core-util-is@~1.0.0:
  version "1.0.3"
  resolved "https://registry.yarnpkg.com/core-util-is/-/core-util-is-1.0.3.tgz#a6042d3634c2b27e9328f837b965fac83808db85"
  integrity sha512-ZQBvi1DcpJ4GDqanjucZ2Hj3wEO5pZDS89BWbkcrvdxksJorwUDDZamX9ldFkp9aw2lmBDLgkObEA4DWNJ9FYQ==

css-select@~1.2.0:
  version "1.2.0"
  resolved "https://registry.yarnpkg.com/css-select/-/css-select-1.2.0.tgz#2b3a110539c5355f1cd8d314623e870b121ec858"
  integrity sha1-KzoRBTnFNV8c2NMUYj6HCxIeyFg=
  dependencies:
    boolbase "~1.0.0"
    css-what "2.1"
    domutils "1.5.1"
    nth-check "~1.0.1"

css-what@2.1:
  version "2.1.3"
  resolved "https://registry.yarnpkg.com/css-what/-/css-what-2.1.3.tgz#a6d7604573365fe74686c3f311c56513d88285f2"
  integrity sha512-a+EPoD+uZiNfh+5fxw2nO9QwFa6nJe2Or35fGY6Ipw1R3R4AGz1d1TEZrCegvw2YTmZ0jXirGYlzxxpYSHwpEg==

dashdash@^1.12.0:
  version "1.14.1"
  resolved "https://registry.yarnpkg.com/dashdash/-/dashdash-1.14.1.tgz#853cfa0f7cbe2fed5de20326b8dd581035f6e2f0"
  integrity sha1-hTz6D3y+L+1d4gMmuN1YEDX24vA=
  dependencies:
    assert-plus "^1.0.0"

debug@2:
  version "2.6.9"
  resolved "https://registry.yarnpkg.com/debug/-/debug-2.6.9.tgz#5d128515df134ff327e90a4c93f4e077a536341f"
  integrity sha512-bC7ElrdJaJnPbAP+1EotYvqZsb3ecl5wi6Bfi6BJTUcNowp6cvspg0jXznRTKDjm/E7AdgFBVeAPVMNcKGsHMA==
  dependencies:
    ms "2.0.0"

debug@^3.2.7:
  version "3.2.7"
  resolved "https://registry.yarnpkg.com/debug/-/debug-3.2.7.tgz#72580b7e9145fb39b6676f9c5e5fb100b934179a"
  integrity sha512-CFjzYYAi4ThfiQvizrFQevTTXHtnCqWfe7x1AhgEscTz6ZbLbfoLRLPugTQyBth6f8ZERVUSyWHFD/7Wu4t1XQ==
  dependencies:
    ms "^2.1.1"

delayed-stream@~1.0.0:
  version "1.0.0"
  resolved "https://registry.yarnpkg.com/delayed-stream/-/delayed-stream-1.0.0.tgz#df3ae199acadfb7d440aaae0b29e2272b24ec619"
  integrity sha1-3zrhmayt+31ECqrgsp4icrJOxhk=

discord.js@^12.4.1:
  version "12.4.1"
  resolved "https://registry.yarnpkg.com/discord.js/-/discord.js-12.4.1.tgz#be88bb32caa9e41eae67749a4e2387585745ac3b"
  integrity sha512-KxOB8LOAN3GmrvkD6a6Fr1nlfArIFZ+q7Uqg4T/5duB90GZy9a0/Py2E+Y+eHKP6ZUCR2mbNMLCcHGjahiaNqA==
  dependencies:
    "@discordjs/collection" "^0.1.6"
    "@discordjs/form-data" "^3.0.1"
    abort-controller "^3.0.0"
    node-fetch "^2.6.1"
    prism-media "^1.2.2"
    setimmediate "^1.0.5"
    tweetnacl "^1.0.3"
    ws "^7.3.1"

dom-serializer@0, dom-serializer@~0.1.1:
  version "0.1.1"
  resolved "https://registry.yarnpkg.com/dom-serializer/-/dom-serializer-0.1.1.tgz#1ec4059e284babed36eec2941d4a970a189ce7c0"
  integrity sha512-l0IU0pPzLWSHBcieZbpOKgkIn3ts3vAh7ZuFyXNwJxJXk/c4Gwj9xaTJwIDVQCXawWD0qb3IzMGH5rglQaO0XA==
  dependencies:
    domelementtype "^1.3.0"
    entities "^1.1.1"

domelementtype@1, domelementtype@^1.3.0, domelementtype@^1.3.1:
  version "1.3.1"
  resolved "https://registry.yarnpkg.com/domelementtype/-/domelementtype-1.3.1.tgz#d048c44b37b0d10a7f2a3d5fee3f4333d790481f"
  integrity sha512-BSKB+TSpMpFI/HOxCNr1O8aMOTZ8hT3pM3GQ0w/mWRmkhEDSFJkkyzz4XQsBV44BChwGkrDfMyjVD0eA2aFV3w==

domhandler@^2.3.0:
  version "2.4.2"
  resolved "https://registry.yarnpkg.com/domhandler/-/domhandler-2.4.2.tgz#8805097e933d65e85546f726d60f5eb88b44f803"
  integrity sha512-JiK04h0Ht5u/80fdLMCEmV4zkNh2BcoMFBmZ/91WtYZ8qVXSKjiw7fXMgFPnHcSZgOo3XdinHvmnDUeMf5R4wA==
  dependencies:
    domelementtype "1"

domutils@1.5.1:
  version "1.5.1"
  resolved "https://registry.yarnpkg.com/domutils/-/domutils-1.5.1.tgz#dcd8488a26f563d61079e48c9f7b7e32373682cf"
  integrity sha1-3NhIiib1Y9YQeeSMn3t+Mjc2gs8=
  dependencies:
    dom-serializer "0"
    domelementtype "1"

domutils@^1.5.1:
  version "1.7.0"
  resolved "https://registry.yarnpkg.com/domutils/-/domutils-1.7.0.tgz#56ea341e834e06e6748af7a1cb25da67ea9f8c2a"
  integrity sha512-Lgd2XcJ/NjEw+7tFvfKxOzCYKZsdct5lczQ2ZaQY8Djz7pfAD3Gbp8ySJWtreII/vDlMVmxwa6pHmdxIYgttDg==
  dependencies:
    dom-serializer "0"
    domelementtype "1"

ecc-jsbn@~0.1.1:
  version "0.1.2"
  resolved "https://registry.yarnpkg.com/ecc-jsbn/-/ecc-jsbn-0.1.2.tgz#3a83a904e54353287874c564b7549386849a98c9"
  integrity sha1-OoOpBOVDUyh4dMVkt1SThoSamMk=
  dependencies:
    jsbn "~0.1.0"
    safer-buffer "^2.1.0"

entities@^1.1.1, entities@~1.1.1:
  version "1.1.2"
  resolved "https://registry.yarnpkg.com/entities/-/entities-1.1.2.tgz#bdfa735299664dfafd34529ed4f8522a275fea56"
  integrity sha512-f2LZMYl1Fzu7YSBKg+RoROelpOaNrcGmE9AZubeDfrCEia483oW4MI4VyFd5VNHIgQ/7qm1I0wUHK1eJnn2y2w==

event-target-shim@^5.0.0:
  version "5.0.1"
  resolved "https://registry.yarnpkg.com/event-target-shim/-/event-target-shim-5.0.1.tgz#5d4d3ebdf9583d63a5333ce2deb7480ab2b05789"
  integrity sha512-i/2XbnSz/uxRCU6+NdVJgKWDTM427+MqYbkQzD321DuCQJUqOuJKIA0IM2+W2xtYHdKOmZ4dR6fExsd4SXL+WQ==

extend@~3.0.2:
  version "3.0.2"
  resolved "https://registry.yarnpkg.com/extend/-/extend-3.0.2.tgz#f8b1136b4071fbd8eb140aff858b1019ec2915fa"
  integrity sha512-fjquC59cD7CyW6urNXK0FBufkZcoiGG80wTuPujX590cB5Ttln20E2UB4S/WARVqhXffZl2LNgS+gQdPIIim/g==

extsprintf@1.3.0:
  version "1.3.0"
  resolved "https://registry.yarnpkg.com/extsprintf/-/extsprintf-1.3.0.tgz#96918440e3041a7a414f8c52e3c574eb3c3e1e05"
  integrity sha1-lpGEQOMEGnpBT4xS48V06zw+HgU=

extsprintf@^1.2.0:
  version "1.4.0"
  resolved "https://registry.yarnpkg.com/extsprintf/-/extsprintf-1.4.0.tgz#e2689f8f356fad62cca65a3a91c5df5f9551692f"
  integrity sha1-4mifjzVvrWLMplo6kcXfX5VRaS8=

fast-deep-equal@^3.1.1:
  version "3.1.3"
  resolved "https://registry.yarnpkg.com/fast-deep-equal/-/fast-deep-equal-3.1.3.tgz#3a7d56b559d6cbc3eb512325244e619a65c6c525"
  integrity sha512-f3qQ9oQy9j2AhBe/H9VC91wLmKBCCU/gDOnKNAYG5hswO7BLKj09Hc5HYNz9cGI++xlpDCIgDaitVs03ATR84Q==

fast-json-stable-stringify@^2.0.0:
  version "2.0.0"
  resolved "https://registry.yarnpkg.com/fast-json-stable-stringify/-/fast-json-stable-stringify-2.0.0.tgz#d5142c0caee6b1189f87d3a76111064f86c8bbf2"
  integrity sha1-1RQsDK7msRifh9OnYREGT4bIu/I=

file-uri-to-path@1.0.0:
  version "1.0.0"
  resolved "https://registry.yarnpkg.com/file-uri-to-path/-/file-uri-to-path-1.0.0.tgz#553a7b8446ff6f684359c445f1e37a05dacc33dd"
  integrity sha512-0Zt+s3L7Vf1biwWZ29aARiVYLx7iMGnEUl9x33fbB/j3jR81u/O2LbqK+Bm1CDSNDKVtJ/YjwY7TUd5SkeLQLw==

fill-range@^7.0.1:
  version "7.0.1"
  resolved "https://registry.yarnpkg.com/fill-range/-/fill-range-7.0.1.tgz#1919a6a7c75fe38b2c7c77e5198535da9acdda40"
  integrity sha512-qOo9F+dMUmC2Lcb4BbVvnKJxTPjCm+RRpe4gDuGrzkL7mEVl/djYSu2OdQ2Pa302N4oqkSg9ir6jaLWJ2USVpQ==
  dependencies:
    to-regex-range "^5.0.1"

forever-agent@~0.6.1:
  version "0.6.1"
  resolved "https://registry.yarnpkg.com/forever-agent/-/forever-agent-0.6.1.tgz#fbc71f0c41adeb37f96c577ad1ed42d8fdacca91"
  integrity sha1-+8cfDEGt6zf5bFd60e1C2P2sypE=

form-data@~2.3.2:
  version "2.3.3"
  resolved "https://registry.yarnpkg.com/form-data/-/form-data-2.3.3.tgz#dcce52c05f644f298c6a7ab936bd724ceffbf3a6"
  integrity sha512-1lLKB2Mu3aGP1Q/2eCOx0fNbRMe7XdwktwOruhfqqd0rIJWwN4Dh+E3hrPSlDCXnSR7UtZ1N38rVXm+6+MEhJQ==
  dependencies:
    asynckit "^0.4.0"
    combined-stream "^1.0.6"
    mime-types "^2.1.12"

fs.realpath@^1.0.0:
  version "1.0.0"
  resolved "https://registry.yarnpkg.com/fs.realpath/-/fs.realpath-1.0.0.tgz#1504ad2523158caa40db4a2787cb01411994ea4f"
  integrity sha1-FQStJSMVjKpA20onh8sBQRmU6k8=

fsevents@~2.3.2:
  version "2.3.2"
  resolved "https://registry.yarnpkg.com/fsevents/-/fsevents-2.3.2.tgz#8a526f78b8fdf4623b709e0b975c52c24c02fd1a"
  integrity sha512-xiqMQR4xAeHTuB9uWm+fFRcIOgKBMiOBP+eXiyT7jsgVCq1bkVygt00oASowB7EdtpOHaaPgKt812P9ab+DDKA==

getpass@^0.1.1:
  version "0.1.7"
  resolved "https://registry.yarnpkg.com/getpass/-/getpass-0.1.7.tgz#5eff8e3e684d569ae4cb2b1282604e8ba62149fa"
  integrity sha1-Xv+OPmhNVprkyysSgmBOi6YhSfo=
  dependencies:
    assert-plus "^1.0.0"

glob-parent@~5.1.2:
  version "5.1.2"
  resolved "https://registry.yarnpkg.com/glob-parent/-/glob-parent-5.1.2.tgz#869832c58034fe68a4093c17dc15e8340d8401c4"
  integrity sha512-AOIgSQCepiJYwP3ARnGx+5VnTu2HBYdzbGP45eLw1vr3zB3vZLeyed1sC9hnbcOc9/SrMyM5RPQrkGz4aS9Zow==
  dependencies:
    is-glob "^4.0.1"

glob@^7.1.3:
  version "7.1.6"
  resolved "https://registry.yarnpkg.com/glob/-/glob-7.1.6.tgz#141f33b81a7c2492e125594307480c46679278a6"
  integrity sha512-LwaxwyZ72Lk7vZINtNNrywX0ZuLyStrdDtabefZKAY5ZGJhVtgdznluResxNmPitE0SAO+O26sWTHeKSI2wMBA==
  dependencies:
    fs.realpath "^1.0.0"
    inflight "^1.0.4"
    inherits "2"
    minimatch "^3.0.4"
    once "^1.3.0"
    path-is-absolute "^1.0.0"

har-schema@^2.0.0:
  version "2.0.0"
  resolved "https://registry.yarnpkg.com/har-schema/-/har-schema-2.0.0.tgz#a94c2224ebcac04782a0d9035521f24735b7ec92"
  integrity sha1-qUwiJOvKwEeCoNkDVSHyRzW37JI=

har-validator@~5.1.3:
  version "5.1.5"
  resolved "https://registry.yarnpkg.com/har-validator/-/har-validator-5.1.5.tgz#1f0803b9f8cb20c0fa13822df1ecddb36bde1efd"
  integrity sha512-nmT2T0lljbxdQZfspsno9hgrG3Uir6Ks5afism62poxqBM6sDnMEuPmzTq8XN0OEwqKLLdh1jQI3qyE66Nzb3w==
  dependencies:
    ajv "^6.12.3"
    har-schema "^2.0.0"

has-flag@^3.0.0:
  version "3.0.0"
  resolved "https://registry.yarnpkg.com/has-flag/-/has-flag-3.0.0.tgz#b5d454dc2199ae225699f3467e5a07f3b955bafd"
  integrity sha1-tdRU3CGZriJWmfNGfloH87lVuv0=

htmlparser2@^3.9.1:
  version "3.10.1"
  resolved "https://registry.yarnpkg.com/htmlparser2/-/htmlparser2-3.10.1.tgz#bd679dc3f59897b6a34bb10749c855bb53a9392f"
  integrity sha512-IgieNijUMbkDovyoKObU1DUhm1iwNYE/fuifEoEHfd1oZKZDaONBSkal7Y01shxsM49R4XaMdGez3WnF9UfiCQ==
  dependencies:
    domelementtype "^1.3.1"
    domhandler "^2.3.0"
    domutils "^1.5.1"
    entities "^1.1.1"
    inherits "^2.0.1"
    readable-stream "^3.1.1"

http-signature@~1.2.0:
  version "1.2.0"
  resolved "https://registry.yarnpkg.com/http-signature/-/http-signature-1.2.0.tgz#9aecd925114772f3d95b65a60abb8f7c18fbace1"
  integrity sha1-muzZJRFHcvPZW2WmCruPfBj7rOE=
  dependencies:
    assert-plus "^1.0.0"
    jsprim "^1.2.2"
    sshpk "^1.7.0"

ignore-by-default@^1.0.1:
  version "1.0.1"
  resolved "https://registry.yarnpkg.com/ignore-by-default/-/ignore-by-default-1.0.1.tgz#48ca6d72f6c6a3af00a9ad4ae6876be3889e2b09"
  integrity sha1-SMptcvbGo68Aqa1K5odr44ieKwk=

immediate@~3.0.5:
  version "3.0.6"
  resolved "https://registry.yarnpkg.com/immediate/-/immediate-3.0.6.tgz#9db1dbd0faf8de6fbe0f5dd5e56bb606280de69b"
  integrity sha512-XXOFtyqDjNDAQxVfYxuF7g9Il/IbWmmlQg2MYKOH8ExIT1qg6xc4zyS3HaEEATgs1btfzxq15ciUiY7gjSXRGQ==

inflight@^1.0.4:
  version "1.0.6"
  resolved "https://registry.yarnpkg.com/inflight/-/inflight-1.0.6.tgz#49bd6331d7d02d0c09bc910a1075ba8165b56df9"
  integrity sha1-Sb1jMdfQLQwJvJEKEHW6gWW1bfk=
  dependencies:
    once "^1.3.0"
    wrappy "1"

inherits@2, inherits@~2.0.3:
  version "2.0.4"
  resolved "https://registry.yarnpkg.com/inherits/-/inherits-2.0.4.tgz#0fa2c64f932917c3433a0ded55363aae37416b7c"
  integrity sha512-k/vGaX4/Yla3WzyMCvTQOXYeIHvqOKtnqBduzTHpzpQZzAskKMhZ2K+EnBiSM9zGSoIFeMpXKxa4dYeZIQqewQ==

inherits@^2.0.1, inherits@^2.0.3:
  version "2.0.3"
  resolved "https://registry.yarnpkg.com/inherits/-/inherits-2.0.3.tgz#633c2c83e3da42a502f52466022480f4208261de"
  integrity sha1-Yzwsg+PaQqUC9SRmAiSA9CCCYd4=

is-binary-path@~2.1.0:
  version "2.1.0"
  resolved "https://registry.yarnpkg.com/is-binary-path/-/is-binary-path-2.1.0.tgz#ea1f7f3b80f064236e83470f86c09c254fb45b09"
  integrity sha512-ZMERYes6pDydyuGidse7OsHxtbI7WVeUEozgR/g7rd0xUimYNlvZRE/K2MgZTjWy725IfelLeVcEM97mmtRGXw==
  dependencies:
    binary-extensions "^2.0.0"

is-extglob@^2.1.1:
  version "2.1.1"
  resolved "https://registry.yarnpkg.com/is-extglob/-/is-extglob-2.1.1.tgz#a88c02535791f02ed37c76a1b9ea9773c833f8c2"
  integrity sha1-qIwCU1eR8C7TfHahueqXc8gz+MI=

is-glob@^4.0.1, is-glob@~4.0.1:
  version "4.0.1"
  resolved "https://registry.yarnpkg.com/is-glob/-/is-glob-4.0.1.tgz#7567dbe9f2f5e2467bc77ab83c4a29482407a5dc"
  integrity sha512-5G0tKtBTFImOqDnLB2hG6Bp2qcKEFduo4tZu9MT/H6NQv/ghhy30o55ufafxJ/LdH79LLs2Kfrn85TLKyA7BUg==
  dependencies:
    is-extglob "^2.1.1"

is-number@^7.0.0:
  version "7.0.0"
  resolved "https://registry.yarnpkg.com/is-number/-/is-number-7.0.0.tgz#7535345b896734d5f80c4d06c50955527a14f12b"
  integrity sha512-41Cifkg6e8TylSpdtTpeLVMqvSBEVzTttHvERD741+pnZ8ANv0004MRL43QKPDlK9cGvNp6NZWZUBlbGXYxxng==

is-typedarray@~1.0.0:
  version "1.0.0"
  resolved "https://registry.yarnpkg.com/is-typedarray/-/is-typedarray-1.0.0.tgz#e479c80858df0c1b11ddda6940f96011fcda4a9a"
  integrity sha1-5HnICFjfDBsR3dppQPlgEfzaSpo=

isarray@~1.0.0:
  version "1.0.0"
  resolved "https://registry.yarnpkg.com/isarray/-/isarray-1.0.0.tgz#bb935d48582cba168c06834957a54a3e07124f11"
  integrity sha512-VLghIWNM6ELQzo7zwmcg0NmTVyWKYjvIeM83yjp0wRDTmUnrM678fQbcKBo6n2CJEF0szoG//ytg+TKla89ALQ==

isstream@~0.1.2:
  version "0.1.2"
  resolved "https://registry.yarnpkg.com/isstream/-/isstream-0.1.2.tgz#47e63f7af55afa6f92e1500e690eb8b8529c099a"
  integrity sha1-R+Y/evVa+m+S4VAOaQ64uFKcCZo=

jsbn@~0.1.0:
  version "0.1.1"
  resolved "https://registry.yarnpkg.com/jsbn/-/jsbn-0.1.1.tgz#a5e654c2e5a2deb5f201d96cefbca80c0ef2f513"
  integrity sha1-peZUwuWi3rXyAdls77yoDA7y9RM=

json-schema-traverse@^0.4.1:
  version "0.4.1"
  resolved "https://registry.yarnpkg.com/json-schema-traverse/-/json-schema-traverse-0.4.1.tgz#69f6a87d9513ab8bb8fe63bdb0979c448e684660"
  integrity sha512-xbbCH5dCYU5T8LcEhhuh7HJ88HXuW3qsI3Y0zOZFKfZEHcpWiHU/Jxzk629Brsab/mMiHQti9wMP+845RPe3Vg==

json-schema@0.2.3:
  version "0.2.3"
  resolved "https://registry.yarnpkg.com/json-schema/-/json-schema-0.2.3.tgz#b480c892e59a2f05954ce727bd3f2a4e882f9e13"
  integrity sha1-tIDIkuWaLwWVTOcnvT8qTogvnhM=

json-stringify-safe@~5.0.1:
  version "5.0.1"
  resolved "https://registry.yarnpkg.com/json-stringify-safe/-/json-stringify-safe-5.0.1.tgz#1296a2d58fd45f19a0f6ce01d65701e2c735b6eb"
  integrity sha1-Epai1Y/UXxmg9s4B1lcB4sc1tus=

jsprim@^1.2.2:
  version "1.4.1"
  resolved "https://registry.yarnpkg.com/jsprim/-/jsprim-1.4.1.tgz#313e66bc1e5cc06e438bc1b7499c2e5c56acb6a2"
  integrity sha1-MT5mvB5cwG5Di8G3SZwuXFastqI=
  dependencies:
    assert-plus "1.0.0"
    extsprintf "1.3.0"
    json-schema "0.2.3"
    verror "1.10.0"

jszip@^3.2.2:
  version "3.10.1"
  resolved "https://registry.yarnpkg.com/jszip/-/jszip-3.10.1.tgz#34aee70eb18ea1faec2f589208a157d1feb091c2"
  integrity sha512-xXDvecyTpGLrqFrvkrUSoxxfJI5AH7U8zxxtVclpsUtMCq4JQ290LY8AW5c7Ggnr/Y/oK+bQMbqK2qmtk3pN4g==
  dependencies:
    lie "~3.3.0"
    pako "~1.0.2"
    readable-stream "~2.3.6"
    setimmediate "^1.0.5"

lie@~3.3.0:
  version "3.3.0"
  resolved "https://registry.yarnpkg.com/lie/-/lie-3.3.0.tgz#dcf82dee545f46074daf200c7c1c5a08e0f40f6a"
  integrity sha512-UaiMJzeWRlEujzAuw5LokY1L5ecNQYZKfmyZ9L7wDHb/p5etKaxXhohBcrw0EYby+G/NA52vRSN4N39dxHAIwQ==
  dependencies:
    immediate "~3.0.5"

lodash@^4.15.0:
  version "4.17.15"
  resolved "https://registry.yarnpkg.com/lodash/-/lodash-4.17.15.tgz#b447f6670a0455bbfeedd11392eff330ea097548"
  integrity sha512-8xOcRHvCjnocdS5cpwXQXVzmmh5e5+saE2QGoeQmbKmRS6J3VQppPOIt0MnmE+4xlZoumy0GPG0D0MVIQbNA1A==

lodash@^4.17.19:
  version "4.17.20"
  resolved "https://registry.yarnpkg.com/lodash/-/lodash-4.17.20.tgz#b44a9b6297bcb698f1c51a3545a2b3b368d59c52"
  integrity sha512-PlhdFcillOINfeV7Ni6oF1TAEayyZBoZ8bcshTHqOYJYlrqzRK5hagpagky5o4HfCzzd1TRkXPMFq6cKk9rGmA==

m3u8stream@^0.8.6:
  version "0.8.6"
  resolved "https://registry.yarnpkg.com/m3u8stream/-/m3u8stream-0.8.6.tgz#0d6de4ce8ee69731734e6b616e7b05dd9d9a55b1"
  integrity sha512-LZj8kIVf9KCphiHmH7sbFQTVe4tOemb202fWwvJwR9W5ENW/1hxJN6ksAWGhQgSBSa3jyWhnjKU1Fw1GaOdbyA==
  dependencies:
    miniget "^4.2.2"
    sax "^1.2.4"

mime-db@1.40.0:
  version "1.40.0"
  resolved "https://registry.yarnpkg.com/mime-db/-/mime-db-1.40.0.tgz#a65057e998db090f732a68f6c276d387d4126c32"
  integrity sha512-jYdeOMPy9vnxEqFRRo6ZvTZ8d9oPb+k18PKoYNYUe2stVEBPPwsln/qWzdbmaIvnhZ9v2P+CuecK+fpUfsV2mA==

mime-types@^2.1.12, mime-types@~2.1.19:
  version "2.1.24"
  resolved "https://registry.yarnpkg.com/mime-types/-/mime-types-2.1.24.tgz#b6f8d0b3e951efb77dedeca194cff6d16f676f81"
  integrity sha512-WaFHS3MCl5fapm3oLxU4eYDw77IQM2ACcxQ9RIxfaC3ooc6PFuBMGZZsYpvoXS5D5QTWPieo1jjLdAm3TBP3cQ==
  dependencies:
    mime-db "1.40.0"

miniget@^4.2.2:
  version "4.2.2"
  resolved "https://registry.yarnpkg.com/miniget/-/miniget-4.2.2.tgz#db20320f265efdc4c1826a0be431d56753074475"
  integrity sha512-a7voNL1N5lDMxvTMExOkg+Fq89jM2vY8pAi9ZEWzZtfNmdfP6RXkvUtFnCAXoCv2T9k1v/fUJVaAEuepGcvLYA==

minimatch@^3.0.4:
  version "3.0.4"
  resolved "https://registry.yarnpkg.com/minimatch/-/minimatch-3.0.4.tgz#5166e286457f03306064be5497e8dbb0c3d32083"
  integrity sha512-yJHVQEhyqPLUTgt9B83PXu6W3rx4MvvHvSUvToogpwoGDOUQ+yDrR0HRot+yOCdCO7u4hX3pWft6kWBBcqh0UA==
  dependencies:
    brace-expansion "^1.1.7"

ms@2.0.0:
  version "2.0.0"
  resolved "https://registry.yarnpkg.com/ms/-/ms-2.0.0.tgz#5608aeadfc00be6c2901df5f9861788de0d597c8"
  integrity sha1-VgiurfwAvmwpAd9fmGF4jeDVl8g=

ms@^2.1.1:
  version "2.1.2"
  resolved "https://registry.yarnpkg.com/ms/-/ms-2.1.2.tgz#d09d1f357b443f493382a8eb3ccd183872ae6009"
  integrity sha512-sGkPx+VjMtmA6MX27oA4FBFELFCZZ4S4XqeGOXCv68tT+jb3vk/RyaKWP0PTKyWtmLSM0b+adUTEvbs1PEaH2w==

nan@2, nan@^2.14.0:
  version "2.14.0"
  resolved "https://registry.yarnpkg.com/nan/-/nan-2.14.0.tgz#7818f722027b2459a86f0295d434d1fc2336c52c"
  integrity sha512-INOFj37C7k3AfaNTtX8RhsTw7qRy7eLET14cROi9+5HAVbbHuIWUHEauBv5qT4Av2tWasiTY1Jw6puUNqRJXQg==

node-fetch@^2.6.1:
  version "2.6.1"
  resolved "https://registry.yarnpkg.com/node-fetch/-/node-fetch-2.6.1.tgz#045bd323631f76ed2e2b55573394416b639a0052"
  integrity sha512-V4aYg89jEoVRxRb2fJdAg8FHvI7cEyYdVAh94HH0UIK8oJxUfkjlDQN9RbMx+bEjP7+ggMiFRprSti032Oipxw==

node-opus@^0.3.3:
  version "0.3.3"
  resolved "https://registry.yarnpkg.com/node-opus/-/node-opus-0.3.3.tgz#bde2369b13b7d34f6e35d2a7fc97d7e4936d0211"
  integrity sha512-ZQniA8iJ6y/qOTmW6eyzM9m8odt4CIGV0NM9/U03/pYLhGyxy18QXO25WfrWd8XsUYx57tnxll2xxj54CN08uQ==
  dependencies:
    bindings "~1.2.1"
    commander "^2.9.0"
    nan "^2.14.0"
  optionalDependencies:
    ogg-packet "^1.0.0"

nodemon@^2.0.6:
  version "2.0.19"
  resolved "https://registry.yarnpkg.com/nodemon/-/nodemon-2.0.19.tgz#cac175f74b9cb8b57e770d47841995eebe4488bd"
  integrity sha512-4pv1f2bMDj0Eeg/MhGqxrtveeQ5/G/UVe9iO6uTZzjnRluSA4PVWf8CW99LUPwGB3eNIA7zUFoP77YuI7hOc0A==
  dependencies:
    chokidar "^3.5.2"
    debug "^3.2.7"
    ignore-by-default "^1.0.1"
    minimatch "^3.0.4"
    pstree.remy "^1.1.8"
    semver "^5.7.1"
    simple-update-notifier "^1.0.7"
    supports-color "^5.5.0"
    touch "^3.1.0"
    undefsafe "^2.0.5"

nopt@~1.0.10:
  version "1.0.10"
  resolved "https://registry.yarnpkg.com/nopt/-/nopt-1.0.10.tgz#6ddd21bd2a31417b92727dd585f8a6f37608ebee"
  integrity sha1-bd0hvSoxQXuScn3Vhfim83YI6+4=
  dependencies:
    abbrev "1"

normalize-path@^3.0.0, normalize-path@~3.0.0:
  version "3.0.0"
  resolved "https://registry.yarnpkg.com/normalize-path/-/normalize-path-3.0.0.tgz#0dcd69ff23a1c9b11fd0978316644a0388216a65"
  integrity sha512-6eZs5Ls3WtCisHWp9S2GUy8dqkpGi4BVSz3GaqiE6ezub0512ESztXUwUB6C6IKbQkY2Pnb/mD4WYojCRwcwLA==

nth-check@~1.0.1:
  version "1.0.2"
  resolved "https://registry.yarnpkg.com/nth-check/-/nth-check-1.0.2.tgz#b2bd295c37e3dd58a3bf0700376663ba4d9cf05c"
  integrity sha512-WeBOdju8SnzPN5vTUJYxYUxLeXpCaVP5i5e0LF8fg7WORF2Wd7wFX/pk0tYZk7s8T+J7VLy0Da6J1+wCT0AtHg==
  dependencies:
    boolbase "~1.0.0"

oauth-sign@~0.9.0:
  version "0.9.0"
  resolved "https://registry.yarnpkg.com/oauth-sign/-/oauth-sign-0.9.0.tgz#47a7b016baa68b5fa0ecf3dee08a85c679ac6455"
  integrity sha512-fexhUFFPTGV8ybAtSIGbV6gOkSv8UtRbDBnAyLQw4QPKkgNlsH2ByPGtMUqdWkos6YCRmAqViwgZrJc/mRDzZQ==

ogg-packet@^1.0.0:
  version "1.0.1"
  resolved "https://registry.yarnpkg.com/ogg-packet/-/ogg-packet-1.0.1.tgz#6b7d6c7a743c5f1ae9277c3b1271cac256af4785"
  integrity sha512-dW1ok3BMnMikyXGDIgVEckWnlViW8JLWQV4qj9aN/rNRVqHlDYSlcIEtSIMH7tpuUOiIxAhY3+OxNdIOm6s17A==
  dependencies:
    ref-struct "*"

once@^1.3.0:
  version "1.4.0"
  resolved "https://registry.yarnpkg.com/once/-/once-1.4.0.tgz#583b1aa775961d4b113ac17d9c50baef9dd76bd1"
  integrity sha1-WDsap3WWHUsROsF9nFC6753Xa9E=
  dependencies:
    wrappy "1"

os-tmpdir@~1.0.1:
  version "1.0.2"
  resolved "https://registry.yarnpkg.com/os-tmpdir/-/os-tmpdir-1.0.2.tgz#bbe67406c79aa85c5cfec766fe5734555dfa1274"
  integrity sha1-u+Z0BseaqFxc/sdm/lc0VV36EnQ=

pako@~1.0.2:
  version "1.0.11"
  resolved "https://registry.yarnpkg.com/pako/-/pako-1.0.11.tgz#6c9599d340d54dfd3946380252a35705a6b992bf"
  integrity sha512-4hLB8Py4zZce5s4yd9XzopqwVv/yGNhV1Bl8NTmCq1763HeK2+EwVTv+leGeL13Dnh2wfbqowVPXCIO0z4taYw==

parse5@^3.0.1:
  version "3.0.3"
  resolved "https://registry.yarnpkg.com/parse5/-/parse5-3.0.3.tgz#042f792ffdd36851551cf4e9e066b3874ab45b5c"
  integrity sha512-rgO9Zg5LLLkfJF9E6CCmXlSE4UVceloys8JrFqCcHloC3usd/kJCyPDwH2SOlzix2j3xaP9sUX3e8+kvkuleAA==
  dependencies:
    "@types/node" "*"

path-is-absolute@^1.0.0:
  version "1.0.1"
  resolved "https://registry.yarnpkg.com/path-is-absolute/-/path-is-absolute-1.0.1.tgz#174b9268735534ffbc7ace6bf53a5a9e1b5c5f5f"
  integrity sha1-F0uSaHNVNP+8es5r9TpanhtcX18=

performance-now@^2.1.0:
  version "2.1.0"
  resolved "https://registry.yarnpkg.com/performance-now/-/performance-now-2.1.0.tgz#6309f4e0e5fa913ec1c69307ae364b4b377c9e7b"
  integrity sha1-Ywn04OX6kT7BxpMHrjZLSzd8nns=

picomatch@^2.0.4, picomatch@^2.2.1:
  version "2.2.2"
  resolved "https://registry.yarnpkg.com/picomatch/-/picomatch-2.2.2.tgz#21f333e9b6b8eaff02468f5146ea406d345f4dad"
  integrity sha512-q0M/9eZHzmr0AulXyPwNfZjtwZ/RBZlbN3K3CErVrk50T2ASYI7Bye0EvekFY3IP1Nt2DHu0re+V2ZHIpMkuWg==

prism-media@^1.2.2:
  version "1.2.2"
  resolved "https://registry.yarnpkg.com/prism-media/-/prism-media-1.2.2.tgz#4f1c841f248b67d325a24b4e6b1a491b8f50a24f"
  integrity sha512-I+nkWY212lJ500jLe4tN9tWO7nRiBAVdMv76P9kffZjYhw20raMlW1HSSvS+MLXC9MmbNZCazMrAr+5jEEgTuw==

"prism-media@github:hydrabolt/prism-media":
  version "0.0.0"
  uid fc562b17de217753030b257a3796c74fc1046d92
  resolved "https://codeload.github.com/hydrabolt/prism-media/tar.gz/fc562b17de217753030b257a3796c74fc1046d92"

process-nextick-args@~2.0.0:
  version "2.0.1"
  resolved "https://registry.yarnpkg.com/process-nextick-args/-/process-nextick-args-2.0.1.tgz#7820d9b16120cc55ca9ae7792680ae7dba6d7fe2"
  integrity sha512-3ouUOpQhtgrbOa17J7+uxOTpITYWaGP7/AhoR3+A+/1e9skrzelGi/dXzEYyvbxubEF6Wn2ypscTKiKJFFn1ag==

psl@^1.1.28:
  version "1.1.32"
  resolved "https://registry.yarnpkg.com/psl/-/psl-1.1.32.tgz#3f132717cf2f9c169724b2b6caf373cf694198db"
  integrity sha512-MHACAkHpihU/REGGPLj4sEfc/XKW2bheigvHO1dUqjaKigMp1C8+WLQYRGgeKFMsw5PMfegZcaN8IDXK/cD0+g==

pstree.remy@^1.1.8:
  version "1.1.8"
  resolved "https://registry.yarnpkg.com/pstree.remy/-/pstree.remy-1.1.8.tgz#c242224f4a67c21f686839bbdb4ac282b8373d3a"
  integrity sha512-77DZwxQmxKnu3aR542U+X8FypNzbfJ+C5XQDk3uWjWxn6151aIMGthWYRXTqT1E5oJvg+ljaa2OJi+VfvCOQ8w==

punycode@^2.1.0, punycode@^2.1.1:
  version "2.1.1"
  resolved "https://registry.yarnpkg.com/punycode/-/punycode-2.1.1.tgz#b58b010ac40c22c5657616c8d2c2c02c7bf479ec"
  integrity sha512-XRsRjdf+j5ml+y/6GKHPZbrF/8p2Yga0JPtdqTIY2Xe5ohJPD9saDJJLPvp9+NSBprVvevdXZybnj2cv8OEd0A==

qs@~6.5.2:
  version "6.5.2"
  resolved "https://registry.yarnpkg.com/qs/-/qs-6.5.2.tgz#cb3ae806e8740444584ef154ce8ee98d403f3e36"
  integrity sha512-N5ZAX4/LxJmF+7wN74pUD6qAh9/wnvdQcjq9TZjevvXzSUo7bfmw91saqMjzGS2xq91/odN2dW/WOl7qQHNDGA==

readable-stream@^3.1.1:
  version "3.4.0"
  resolved "https://registry.yarnpkg.com/readable-stream/-/readable-stream-3.4.0.tgz#a51c26754658e0a3c21dbf59163bd45ba6f447fc"
  integrity sha512-jItXPLmrSR8jmTRmRWJXCnGJsfy85mB3Wd/uINMXA65yrnFo0cPClFIUWzo2najVNSl+mx7/4W8ttlLWJe99pQ==
  dependencies:
    inherits "^2.0.3"
    string_decoder "^1.1.1"
    util-deprecate "^1.0.1"

readable-stream@~2.3.6:
  version "2.3.7"
  resolved "https://registry.yarnpkg.com/readable-stream/-/readable-stream-2.3.7.tgz#1eca1cf711aef814c04f62252a36a62f6cb23b57"
  integrity sha512-Ebho8K4jIbHAxnuxi7o42OrZgF/ZTNcsZj6nRKyUmkhLFq8CHItp/fy6hQZuZmP/n3yZ9VBUbp4zz/mX8hmYPw==
  dependencies:
    core-util-is "~1.0.0"
    inherits "~2.0.3"
    isarray "~1.0.0"
    process-nextick-args "~2.0.0"
    safe-buffer "~5.1.1"
    string_decoder "~1.1.1"
    util-deprecate "~1.0.1"

readdirp@~3.6.0:
  version "3.6.0"
  resolved "https://registry.yarnpkg.com/readdirp/-/readdirp-3.6.0.tgz#74a370bd857116e245b29cc97340cd431a02a6c7"
  integrity sha512-hOS089on8RduqdbhvQ5Z37A0ESjsqz6qnRcffsMU3495FuTdqSm+7bhJ29JvIOsBDEEnan5DPu9t3To9VRlMzA==
  dependencies:
    picomatch "^2.2.1"

ref-struct@*:
  version "1.1.0"
  resolved "https://registry.yarnpkg.com/ref-struct/-/ref-struct-1.1.0.tgz#5d5ee65ad41cefc3a5c5feb40587261e479edc13"
  integrity sha1-XV7mWtQc78Olxf60BYcmHkee3BM=
  dependencies:
    debug "2"
    ref "1"

ref@1:
  version "1.3.5"
  resolved "https://registry.yarnpkg.com/ref/-/ref-1.3.5.tgz#0e33f080cdb94a3d95312b2b3b1fd0f82044ca0f"
  integrity sha512-2cBCniTtxcGUjDpvFfVpw323a83/0RLSGJJY5l5lcomZWhYpU2cuLdsvYqMixvsdLJ9+sTdzEkju8J8ZHDM2nA==
  dependencies:
    bindings "1"
    debug "2"
    nan "2"

request-promise-core@1.1.4:
  version "1.1.4"
  resolved "https://registry.yarnpkg.com/request-promise-core/-/request-promise-core-1.1.4.tgz#3eedd4223208d419867b78ce815167d10593a22f"
  integrity sha512-TTbAfBBRdWD7aNNOoVOBH4pN/KigV6LyapYNNlAPA8JwbovRti1E88m3sYAwsLi5ryhPKsE9APwnjFTgdUjTpw==
  dependencies:
    lodash "^4.17.19"

request-promise@^4.2.6:
  version "4.2.6"
  resolved "https://registry.yarnpkg.com/request-promise/-/request-promise-4.2.6.tgz#7e7e5b9578630e6f598e3813c0f8eb342a27f0a2"
  integrity sha512-HCHI3DJJUakkOr8fNoCc73E5nU5bqITjOYFMDrKHYOXWXrgD/SBaC7LjwuPymUprRyuF06UK7hd/lMHkmUXglQ==
  dependencies:
    bluebird "^3.5.0"
    request-promise-core "1.1.4"
    stealthy-require "^1.1.1"
    tough-cookie "^2.3.3"

request@^2.88.2:
  version "2.88.2"
  resolved "https://registry.yarnpkg.com/request/-/request-2.88.2.tgz#d73c918731cb5a87da047e207234146f664d12b3"
  integrity sha512-MsvtOrfG9ZcrOwAW+Qi+F6HbD0CWXEh9ou77uOb7FM2WPhwT7smM833PzanhJLsgXjN89Ir6V2PczXNnMpwKhw==
  dependencies:
    aws-sign2 "~0.7.0"
    aws4 "^1.8.0"
    caseless "~0.12.0"
    combined-stream "~1.0.6"
    extend "~3.0.2"
    forever-agent "~0.6.1"
    form-data "~2.3.2"
    har-validator "~5.1.3"
    http-signature "~1.2.0"
    is-typedarray "~1.0.0"
    isstream "~0.1.2"
    json-stringify-safe "~5.0.1"
    mime-types "~2.1.19"
    oauth-sign "~0.9.0"
    performance-now "^2.1.0"
    qs "~6.5.2"
    safe-buffer "^5.1.2"
    tough-cookie "~2.5.0"
    tunnel-agent "^0.6.0"
    uuid "^3.3.2"

rimraf@^2.7.1:
  version "2.7.1"
  resolved "https://registry.yarnpkg.com/rimraf/-/rimraf-2.7.1.tgz#35797f13a7fdadc566142c29d4f07ccad483e3ec"
  integrity sha512-uWjbaKIK3T1OSVptzX7Nl6PvQ3qAGtKEtVRjRuazjfL3Bx5eI409VZSqgND+4UNnmzLVdPj9FqFJNPqBZFve4w==
  dependencies:
    glob "^7.1.3"

safe-buffer@^5.0.1, safe-buffer@^5.1.2, safe-buffer@~5.1.0, safe-buffer@~5.1.1:
  version "5.1.2"
  resolved "https://registry.yarnpkg.com/safe-buffer/-/safe-buffer-5.1.2.tgz#991ec69d296e0313747d59bdfd2b745c35f8828d"
  integrity sha512-Gd2UZBJDkXlY7GbJxfsE8/nvKkUEU1G38c1siN6QP6a9PT9MmHB8GnpscSmMJSoF8LOIrt8ud/wPtojys4G6+g==

safer-buffer@^2.0.2, safer-buffer@^2.1.0, safer-buffer@~2.1.0:
  version "2.1.2"
  resolved "https://registry.yarnpkg.com/safer-buffer/-/safer-buffer-2.1.2.tgz#44fa161b0187b9549dd84bb91802f9bd8385cd6a"
  integrity sha512-YZo3K82SD7Riyi0E1EQPojLz7kpepnSQI9IyPbHHg1XXXevb5dJI7tpyN2ADxGcQbHG7vcyRHk0cbwqcQriUtg==

sax@^1.1.3, sax@^1.2.4:
  version "1.2.4"
  resolved "https://registry.yarnpkg.com/sax/-/sax-1.2.4.tgz#2816234e2378bddc4e5354fab5caa895df7100d9"
  integrity sha512-NqVDv9TpANUjFm0N8uM5GxL36UgKi9/atZw+x7YFnQ8ckwFGKrl4xX4yWtrey3UJm5nP1kUbnYgLopqWNSRhWw==

selenium-webdriver@^4.0.0-alpha.7:
  version "4.0.0-alpha.7"
  resolved "https://registry.yarnpkg.com/selenium-webdriver/-/selenium-webdriver-4.0.0-alpha.7.tgz#e3879d8457fd7ad8e4424094b7dc0540d99e6797"
  integrity sha512-D4qnTsyTr91jT8f7MfN+OwY0IlU5+5FmlO5xlgRUV6hDEV8JyYx2NerdTEqDDkNq7RZDYc4VoPALk8l578RBHw==
  dependencies:
    jszip "^3.2.2"
    rimraf "^2.7.1"
    tmp "0.0.30"

semver@^5.7.1:
  version "5.7.1"
  resolved "https://registry.yarnpkg.com/semver/-/semver-5.7.1.tgz#a954f931aeba508d307bbf069eff0c01c96116f7"
  integrity sha512-sauaDf/PZdVgrLTNYHRtpXa1iRiKcaebiKQ1BJdpQlWH2lCvexQdX55snPFyK7QzpudqbCI0qXFfOasHdyNDGQ==

semver@~7.0.0:
  version "7.0.0"
  resolved "https://registry.yarnpkg.com/semver/-/semver-7.0.0.tgz#5f3ca35761e47e05b206c6daff2cf814f0316b8e"
  integrity sha512-+GB6zVA9LWh6zovYQLALHwv5rb2PHGlJi3lfiqIHxR0uuwCgefcOJc59v9fv1w8GbStwxuuqqAjI9NMAOOgq1A==

setimmediate@^1.0.5:
  version "1.0.5"
  resolved "https://registry.yarnpkg.com/setimmediate/-/setimmediate-1.0.5.tgz#290cbb232e306942d7d7ea9b83732ab7856f8285"
  integrity sha512-MATJdZp8sLqDl/68LfQmbP8zKPLQNV6BIZoIgrscFDQ+RsvK/BxeDQOgyxKKoh0y/8h3BqVFnCqQ/gd+reiIXA==

simple-update-notifier@^1.0.7:
  version "1.0.7"
  resolved "https://registry.yarnpkg.com/simple-update-notifier/-/simple-update-notifier-1.0.7.tgz#7edf75c5bdd04f88828d632f762b2bc32996a9cc"
  integrity sha512-BBKgR84BJQJm6WjWFMHgLVuo61FBDSj1z/xSFUIozqO6wO7ii0JxCqlIud7Enr/+LhlbNI0whErq96P2qHNWew==
  dependencies:
    semver "~7.0.0"

sshpk@^1.7.0:
  version "1.16.1"
  resolved "https://registry.yarnpkg.com/sshpk/-/sshpk-1.16.1.tgz#fb661c0bef29b39db40769ee39fa70093d6f6877"
  integrity sha512-HXXqVUq7+pcKeLqqZj6mHFUMvXtOJt1uoUx09pFW6011inTMxqI8BA8PM95myrIyyKwdnzjdFjLiE6KBPVtJIg==
  dependencies:
    asn1 "~0.2.3"
    assert-plus "^1.0.0"
    bcrypt-pbkdf "^1.0.0"
    dashdash "^1.12.0"
    ecc-jsbn "~0.1.1"
    getpass "^0.1.1"
    jsbn "~0.1.0"
    safer-buffer "^2.0.2"
    tweetnacl "~0.14.0"

stealthy-require@^1.1.1:
  version "1.1.1"
  resolved "https://registry.yarnpkg.com/stealthy-require/-/stealthy-require-1.1.1.tgz#35b09875b4ff49f26a777e509b3090a3226bf24b"
  integrity sha1-NbCYdbT/SfJqd35QmzCQoyJr8ks=

string_decoder@^1.1.1:
  version "1.2.0"
  resolved "https://registry.yarnpkg.com/string_decoder/-/string_decoder-1.2.0.tgz#fe86e738b19544afe70469243b2a1ee9240eae8d"
  integrity sha512-6YqyX6ZWEYguAxgZzHGL7SsCeGx3V2TtOTqZz1xSTSWnqsbWwbptafNyvf/ACquZUXV3DANr5BDIwNYe1mN42w==
  dependencies:
    safe-buffer "~5.1.0"

string_decoder@~1.1.1:
  version "1.1.1"
  resolved "https://registry.yarnpkg.com/string_decoder/-/string_decoder-1.1.1.tgz#9cf1611ba62685d7030ae9e4ba34149c3af03fc8"
  integrity sha512-n/ShnvDi6FHbbVfviro+WojiFzv+s8MPMHBczVePfUpDJLwoLT0ht1l4YwBCbi8pJAveEEdnkHyPyTP/mzRfwg==
  dependencies:
    safe-buffer "~5.1.0"

supports-color@^5.5.0:
  version "5.5.0"
  resolved "https://registry.yarnpkg.com/supports-color/-/supports-color-5.5.0.tgz#e2e69a44ac8772f78a1ec0b35b689df6530efc8f"
  integrity sha512-QjVjwdXIt408MIiAqCX4oUKsgU2EqAGzs2Ppkm4aQYbjm+ZEWEcW4SfFNTr4uMNZma0ey4f5lgLrkB0aX0QMow==
  dependencies:
    has-flag "^3.0.0"

tmp@0.0.30:
  version "0.0.30"
  resolved "https://registry.yarnpkg.com/tmp/-/tmp-0.0.30.tgz#72419d4a8be7d6ce75148fd8b324e593a711c2ed"
  integrity sha1-ckGdSovn1s51FI/YsyTlk6cRwu0=
  dependencies:
    os-tmpdir "~1.0.1"

to-regex-range@^5.0.1:
  version "5.0.1"
  resolved "https://registry.yarnpkg.com/to-regex-range/-/to-regex-range-5.0.1.tgz#1648c44aae7c8d988a326018ed72f5b4dd0392e4"
  integrity sha512-65P7iz6X5yEr1cwcgvQxbbIw7Uk3gOy5dIdtZ4rDveLqhrdJP+Li/Hx6tyK0NEb+2GCyneCMJiGqrADCSNk8sQ==
  dependencies:
    is-number "^7.0.0"

touch@^3.1.0:
  version "3.1.0"
  resolved "https://registry.yarnpkg.com/touch/-/touch-3.1.0.tgz#fe365f5f75ec9ed4e56825e0bb76d24ab74af83b"
  integrity sha512-WBx8Uy5TLtOSRtIq+M03/sKDrXCLHxwDcquSP2c43Le03/9serjQBIztjRz6FkJez9D/hleyAXTBGLwwZUw9lA==
  dependencies:
    nopt "~1.0.10"

tough-cookie@^2.3.3, tough-cookie@~2.5.0:
  version "2.5.0"
  resolved "https://registry.yarnpkg.com/tough-cookie/-/tough-cookie-2.5.0.tgz#cd9fb2a0aa1d5a12b473bd9fb96fa3dcff65ade2"
  integrity sha512-nlLsUzgm1kfLXSXfRZMc1KLAugd4hqJHDTvc2hDIwS3mZAfMEuMbc03SujMF+GEcpaX/qboeycw6iO8JwVv2+g==
  dependencies:
    psl "^1.1.28"
    punycode "^2.1.1"

tunnel-agent@^0.6.0:
  version "0.6.0"
  resolved "https://registry.yarnpkg.com/tunnel-agent/-/tunnel-agent-0.6.0.tgz#27a5dea06b36b04a0a9966774b290868f0fc40fd"
  integrity sha1-J6XeoGs2sEoKmWZ3SykIaPD8QP0=
  dependencies:
    safe-buffer "^5.0.1"

tweetnacl@^0.14.3, tweetnacl@~0.14.0:
  version "0.14.5"
  resolved "https://registry.yarnpkg.com/tweetnacl/-/tweetnacl-0.14.5.tgz#5ae68177f192d4456269d108afa93ff8743f4f64"
  integrity sha1-WuaBd/GS1EViadEIr6k/+HQ/T2Q=

tweetnacl@^1.0.3:
  version "1.0.3"
  resolved "https://registry.yarnpkg.com/tweetnacl/-/tweetnacl-1.0.3.tgz#ac0af71680458d8a6378d0d0d050ab1407d35596"
  integrity sha512-6rt+RN7aOi1nGMyC4Xa5DdYiukl2UWCbcJft7YhxReBGQD7OAM8Pbxw6YMo4r2diNEA8FEmu32YOn9rhaiE5yw==

undefsafe@^2.0.5:
  version "2.0.5"
  resolved "https://registry.yarnpkg.com/undefsafe/-/undefsafe-2.0.5.tgz#38733b9327bdcd226db889fb723a6efd162e6e2c"
  integrity sha512-WxONCrssBM8TSPRqN5EmsjVrsv4A8X12J4ArBiiayv3DyyG3ZlIg6yysuuSYdZsVz3TKcTg2fd//Ujd4CHV1iA==

uri-js@^4.2.2:
  version "4.2.2"
  resolved "https://registry.yarnpkg.com/uri-js/-/uri-js-4.2.2.tgz#94c540e1ff772956e2299507c010aea6c8838eb0"
  integrity sha512-KY9Frmirql91X2Qgjry0Wd4Y+YTdrdZheS8TFwvkbLWf/G5KNJDCh6pKL5OZctEW4+0Baa5idK2ZQuELRwPznQ==
  dependencies:
    punycode "^2.1.0"

util-deprecate@^1.0.1, util-deprecate@~1.0.1:
  version "1.0.2"
  resolved "https://registry.yarnpkg.com/util-deprecate/-/util-deprecate-1.0.2.tgz#450d4dc9fa70de732762fbd2d4a28981419a0ccf"
  integrity sha1-RQ1Nyfpw3nMnYvvS1KKJgUGaDM8=

uuid@^3.3.2:
  version "3.3.2"
  resolved "https://registry.yarnpkg.com/uuid/-/uuid-3.3.2.tgz#1b4af4955eb3077c501c23872fc6513811587131"
  integrity sha512-yXJmeNaw3DnnKAOKJE51sL/ZaYfWJRl1pK9dr19YFCu0ObS231AB1/LbqTKRAQ5kw8A90rA6fr4riOUpTZvQZA==

verror@1.10.0:
  version "1.10.0"
  resolved "https://registry.yarnpkg.com/verror/-/verror-1.10.0.tgz#3a105ca17053af55d6e270c1f8288682e18da400"
  integrity sha1-OhBcoXBTr1XW4nDB+CiGguGNpAA=
  dependencies:
    assert-plus "^1.0.0"
    core-util-is "1.0.2"
    extsprintf "^1.2.0"

wrappy@1:
  version "1.0.2"
  resolved "https://registry.yarnpkg.com/wrappy/-/wrappy-1.0.2.tgz#b5243d8f3ec1aa35f1364605bc0d1036e30ab69f"
  integrity sha1-tSQ9jz7BqjXxNkYFvA0QNuMKtp8=

ws@^7.3.1:
  version "7.3.1"
  resolved "https://registry.yarnpkg.com/ws/-/ws-7.3.1.tgz#d0547bf67f7ce4f12a72dfe31262c68d7dc551c8"
  integrity sha512-D3RuNkynyHmEJIpD2qrgVkc9DQ23OrN/moAwZX4L8DfvszsJxpjQuUq3LMx6HoYji9fbIOBY18XWBsAux1ZZUA==

xmlhttprequest@^1.8.0:
  version "1.8.0"
  resolved "https://registry.yarnpkg.com/xmlhttprequest/-/xmlhttprequest-1.8.0.tgz#67fe075c5c24fef39f9d65f5f7b7fe75171968fc"
  integrity sha1-Z/4HXFwk/vOfnWX197f+dRcZaPw=

yarn@^1.22.10:
  version "1.22.19"
  resolved "https://registry.yarnpkg.com/yarn/-/yarn-1.22.19.tgz#4ba7fc5c6e704fce2066ecbfb0b0d8976fe62447"
  integrity sha512-/0V5q0WbslqnwP91tirOvldvYISzaqhClxzyUKXYxs07yUILIs5jx/k6CFe8bvKSkds5w+eiOqta39Wk3WxdcQ==

ytdl-core@^4.9.1:
  version "4.11.2"
  resolved "https://registry.yarnpkg.com/ytdl-core/-/ytdl-core-4.11.2.tgz#c2341916b9757171741a2fa118b6ffbb4ffd92f7"
  integrity sha512-D939t9b4ZzP3v0zDvehR2q+KgG97UTgrTKju3pOPGQcXtl4W6W5z0EpznzcJFu+OOpl7S7Ge8hv8zU65QnxYug==
  dependencies:
    m3u8stream "^0.8.6"
    miniget "^4.2.2"
    sax "^1.1.3"
